// !$*UTF8*$!
{
	archiveVersion = 1;
	classes = {
	};
	objectVersion = 46;
	objects = {

/* Begin PBXBuildFile section */
		AF3376701477778100DB61F1 /* StartScreenScene.m in Sources */ = {isa = PBXBuildFile; fileRef = AF33766F1477778100DB61F1 /* StartScreenScene.m */; };
		AF3EB23A145E0175004DA4D7 /* QuartzCore.framework in Frameworks */ = {isa = PBXBuildFile; fileRef = AF3EB239145E0175004DA4D7 /* QuartzCore.framework */; };
		AF3EB23C145E0175004DA4D7 /* OpenGLES.framework in Frameworks */ = {isa = PBXBuildFile; fileRef = AF3EB23B145E0175004DA4D7 /* OpenGLES.framework */; };
		AF3EB23E145E0175004DA4D7 /* OpenAL.framework in Frameworks */ = {isa = PBXBuildFile; fileRef = AF3EB23D145E0175004DA4D7 /* OpenAL.framework */; };
		AF3EB240145E0175004DA4D7 /* AudioToolbox.framework in Frameworks */ = {isa = PBXBuildFile; fileRef = AF3EB23F145E0175004DA4D7 /* AudioToolbox.framework */; };
		AF3EB242145E0175004DA4D7 /* AVFoundation.framework in Frameworks */ = {isa = PBXBuildFile; fileRef = AF3EB241145E0175004DA4D7 /* AVFoundation.framework */; };
		AF3EB244145E0175004DA4D7 /* UIKit.framework in Frameworks */ = {isa = PBXBuildFile; fileRef = AF3EB243145E0175004DA4D7 /* UIKit.framework */; };
		AF3EB246145E0175004DA4D7 /* Foundation.framework in Frameworks */ = {isa = PBXBuildFile; fileRef = AF3EB245145E0175004DA4D7 /* Foundation.framework */; };
		AF3EB248145E0175004DA4D7 /* CoreGraphics.framework in Frameworks */ = {isa = PBXBuildFile; fileRef = AF3EB247145E0175004DA4D7 /* CoreGraphics.framework */; };
		AF3EB24C145E0175004DA4D7 /* Default.png in Resources */ = {isa = PBXBuildFile; fileRef = AF3EB24B145E0175004DA4D7 /* Default.png */; };
		AF3EB24E145E0175004DA4D7 /* fps_images.png in Resources */ = {isa = PBXBuildFile; fileRef = AF3EB24D145E0175004DA4D7 /* fps_images.png */; };
		AF3EB250145E0175004DA4D7 /* Icon-72.png in Resources */ = {isa = PBXBuildFile; fileRef = AF3EB24F145E0175004DA4D7 /* Icon-72.png */; };
		AF3EB252145E0175004DA4D7 /* Icon-Small-50.png in Resources */ = {isa = PBXBuildFile; fileRef = AF3EB251145E0175004DA4D7 /* Icon-Small-50.png */; };
		AF3EB254145E0176004DA4D7 /* Icon-Small.png in Resources */ = {isa = PBXBuildFile; fileRef = AF3EB253145E0176004DA4D7 /* Icon-Small.png */; };
		AF3EB256145E0176004DA4D7 /* Icon-Small@2x.png in Resources */ = {isa = PBXBuildFile; fileRef = AF3EB255145E0176004DA4D7 /* Icon-Small@2x.png */; };
		AF3EB258145E0176004DA4D7 /* Icon.png in Resources */ = {isa = PBXBuildFile; fileRef = AF3EB257145E0176004DA4D7 /* Icon.png */; };
		AF3EB25A145E0176004DA4D7 /* Icon@2x.png in Resources */ = {isa = PBXBuildFile; fileRef = AF3EB259145E0176004DA4D7 /* Icon@2x.png */; };
		AF3EB25D145E0176004DA4D7 /* iTunesArtwork in Resources */ = {isa = PBXBuildFile; fileRef = AF3EB25C145E0176004DA4D7 /* iTunesArtwork */; };
		AF3EB262145E0176004DA4D7 /* CCAction.m in Sources */ = {isa = PBXBuildFile; fileRef = AF3EB261145E0176004DA4D7 /* CCAction.m */; };
		AF3EB265145E0176004DA4D7 /* CCActionCamera.m in Sources */ = {isa = PBXBuildFile; fileRef = AF3EB264145E0176004DA4D7 /* CCActionCamera.m */; };
		AF3EB268145E0176004DA4D7 /* CCActionEase.m in Sources */ = {isa = PBXBuildFile; fileRef = AF3EB267145E0176004DA4D7 /* CCActionEase.m */; };
		AF3EB26B145E0176004DA4D7 /* CCActionGrid.m in Sources */ = {isa = PBXBuildFile; fileRef = AF3EB26A145E0176004DA4D7 /* CCActionGrid.m */; };
		AF3EB26E145E0176004DA4D7 /* CCActionGrid3D.m in Sources */ = {isa = PBXBuildFile; fileRef = AF3EB26D145E0176004DA4D7 /* CCActionGrid3D.m */; };
		AF3EB271145E0176004DA4D7 /* CCActionInstant.m in Sources */ = {isa = PBXBuildFile; fileRef = AF3EB270145E0176004DA4D7 /* CCActionInstant.m */; };
		AF3EB274145E0176004DA4D7 /* CCActionInterval.m in Sources */ = {isa = PBXBuildFile; fileRef = AF3EB273145E0176004DA4D7 /* CCActionInterval.m */; };
		AF3EB277145E0176004DA4D7 /* CCActionManager.m in Sources */ = {isa = PBXBuildFile; fileRef = AF3EB276145E0176004DA4D7 /* CCActionManager.m */; };
		AF3EB27A145E0176004DA4D7 /* CCActionPageTurn3D.m in Sources */ = {isa = PBXBuildFile; fileRef = AF3EB279145E0176004DA4D7 /* CCActionPageTurn3D.m */; };
		AF3EB27D145E0176004DA4D7 /* CCActionProgressTimer.m in Sources */ = {isa = PBXBuildFile; fileRef = AF3EB27C145E0176004DA4D7 /* CCActionProgressTimer.m */; };
		AF3EB280145E0176004DA4D7 /* CCActionTiledGrid.m in Sources */ = {isa = PBXBuildFile; fileRef = AF3EB27F145E0176004DA4D7 /* CCActionTiledGrid.m */; };
		AF3EB283145E0176004DA4D7 /* CCActionTween.m in Sources */ = {isa = PBXBuildFile; fileRef = AF3EB282145E0176004DA4D7 /* CCActionTween.m */; };
		AF3EB286145E0176004DA4D7 /* CCAnimation.m in Sources */ = {isa = PBXBuildFile; fileRef = AF3EB285145E0176004DA4D7 /* CCAnimation.m */; };
		AF3EB289145E0176004DA4D7 /* CCAnimationCache.m in Sources */ = {isa = PBXBuildFile; fileRef = AF3EB288145E0176004DA4D7 /* CCAnimationCache.m */; };
		AF3EB28C145E0176004DA4D7 /* CCAtlasNode.m in Sources */ = {isa = PBXBuildFile; fileRef = AF3EB28B145E0176004DA4D7 /* CCAtlasNode.m */; };
		AF3EB28F145E0176004DA4D7 /* CCBlockSupport.m in Sources */ = {isa = PBXBuildFile; fileRef = AF3EB28E145E0176004DA4D7 /* CCBlockSupport.m */; };
		AF3EB292145E0176004DA4D7 /* CCCamera.m in Sources */ = {isa = PBXBuildFile; fileRef = AF3EB291145E0176004DA4D7 /* CCCamera.m */; };
		AF3EB296145E0176004DA4D7 /* CCConfiguration.m in Sources */ = {isa = PBXBuildFile; fileRef = AF3EB295145E0176004DA4D7 /* CCConfiguration.m */; };
		AF3EB299145E0176004DA4D7 /* CCDirector.m in Sources */ = {isa = PBXBuildFile; fileRef = AF3EB298145E0176004DA4D7 /* CCDirector.m */; };
		AF3EB29C145E0176004DA4D7 /* CCDrawingPrimitives.m in Sources */ = {isa = PBXBuildFile; fileRef = AF3EB29B145E0176004DA4D7 /* CCDrawingPrimitives.m */; };
		AF3EB29F145E0176004DA4D7 /* CCGrabber.m in Sources */ = {isa = PBXBuildFile; fileRef = AF3EB29E145E0176004DA4D7 /* CCGrabber.m */; };
		AF3EB2A2145E0176004DA4D7 /* CCGrid.m in Sources */ = {isa = PBXBuildFile; fileRef = AF3EB2A1145E0176004DA4D7 /* CCGrid.m */; };
		AF3EB2A5145E0176004DA4D7 /* CCLabelAtlas.m in Sources */ = {isa = PBXBuildFile; fileRef = AF3EB2A4145E0176004DA4D7 /* CCLabelAtlas.m */; };
		AF3EB2A8145E0176004DA4D7 /* CCLabelBMFont.m in Sources */ = {isa = PBXBuildFile; fileRef = AF3EB2A7145E0176004DA4D7 /* CCLabelBMFont.m */; };
		AF3EB2AB145E0176004DA4D7 /* CCLabelTTF.m in Sources */ = {isa = PBXBuildFile; fileRef = AF3EB2AA145E0176004DA4D7 /* CCLabelTTF.m */; };
		AF3EB2AE145E0176004DA4D7 /* CCLayer.m in Sources */ = {isa = PBXBuildFile; fileRef = AF3EB2AD145E0176004DA4D7 /* CCLayer.m */; };
		AF3EB2B2145E0176004DA4D7 /* CCMenu.m in Sources */ = {isa = PBXBuildFile; fileRef = AF3EB2B1145E0176004DA4D7 /* CCMenu.m */; };
		AF3EB2B5145E0176004DA4D7 /* CCMenuItem.m in Sources */ = {isa = PBXBuildFile; fileRef = AF3EB2B4145E0176004DA4D7 /* CCMenuItem.m */; };
		AF3EB2B8145E0176004DA4D7 /* CCMotionStreak.m in Sources */ = {isa = PBXBuildFile; fileRef = AF3EB2B7145E0176004DA4D7 /* CCMotionStreak.m */; };
		AF3EB2BB145E0176004DA4D7 /* CCNode.m in Sources */ = {isa = PBXBuildFile; fileRef = AF3EB2BA145E0176004DA4D7 /* CCNode.m */; };
		AF3EB2BE145E0176004DA4D7 /* CCParallaxNode.m in Sources */ = {isa = PBXBuildFile; fileRef = AF3EB2BD145E0176004DA4D7 /* CCParallaxNode.m */; };
		AF3EB2C1145E0176004DA4D7 /* CCParticleBatchNode.m in Sources */ = {isa = PBXBuildFile; fileRef = AF3EB2C0145E0176004DA4D7 /* CCParticleBatchNode.m */; };
		AF3EB2C4145E0176004DA4D7 /* CCParticleExamples.m in Sources */ = {isa = PBXBuildFile; fileRef = AF3EB2C3145E0176004DA4D7 /* CCParticleExamples.m */; };
		AF3EB2C7145E0176004DA4D7 /* CCParticleSystem.m in Sources */ = {isa = PBXBuildFile; fileRef = AF3EB2C6145E0176004DA4D7 /* CCParticleSystem.m */; };
		AF3EB2CA145E0176004DA4D7 /* CCParticleSystemPoint.m in Sources */ = {isa = PBXBuildFile; fileRef = AF3EB2C9145E0176004DA4D7 /* CCParticleSystemPoint.m */; };
		AF3EB2CD145E0176004DA4D7 /* CCParticleSystemQuad.m in Sources */ = {isa = PBXBuildFile; fileRef = AF3EB2CC145E0176004DA4D7 /* CCParticleSystemQuad.m */; };
		AF3EB2D0145E0176004DA4D7 /* CCProgressTimer.m in Sources */ = {isa = PBXBuildFile; fileRef = AF3EB2CF145E0176004DA4D7 /* CCProgressTimer.m */; };
		AF3EB2D4145E0176004DA4D7 /* CCRenderTexture.m in Sources */ = {isa = PBXBuildFile; fileRef = AF3EB2D3145E0176004DA4D7 /* CCRenderTexture.m */; };
		AF3EB2D7145E0177004DA4D7 /* CCRibbon.m in Sources */ = {isa = PBXBuildFile; fileRef = AF3EB2D6145E0176004DA4D7 /* CCRibbon.m */; };
		AF3EB2DA145E0177004DA4D7 /* CCScene.m in Sources */ = {isa = PBXBuildFile; fileRef = AF3EB2D9145E0177004DA4D7 /* CCScene.m */; };
		AF3EB2DD145E0177004DA4D7 /* CCScheduler.m in Sources */ = {isa = PBXBuildFile; fileRef = AF3EB2DC145E0177004DA4D7 /* CCScheduler.m */; };
		AF3EB2E0145E0177004DA4D7 /* CCSprite.m in Sources */ = {isa = PBXBuildFile; fileRef = AF3EB2DF145E0177004DA4D7 /* CCSprite.m */; };
		AF3EB2E3145E0177004DA4D7 /* CCSpriteBatchNode.m in Sources */ = {isa = PBXBuildFile; fileRef = AF3EB2E2145E0177004DA4D7 /* CCSpriteBatchNode.m */; };
		AF3EB2E6145E0177004DA4D7 /* CCSpriteFrame.m in Sources */ = {isa = PBXBuildFile; fileRef = AF3EB2E5145E0177004DA4D7 /* CCSpriteFrame.m */; };
		AF3EB2E9145E0177004DA4D7 /* CCSpriteFrameCache.m in Sources */ = {isa = PBXBuildFile; fileRef = AF3EB2E8145E0177004DA4D7 /* CCSpriteFrameCache.m */; };
		AF3EB2EC145E0177004DA4D7 /* CCTexture2D.m in Sources */ = {isa = PBXBuildFile; fileRef = AF3EB2EB145E0177004DA4D7 /* CCTexture2D.m */; };
		AF3EB2EF145E0177004DA4D7 /* CCTextureAtlas.m in Sources */ = {isa = PBXBuildFile; fileRef = AF3EB2EE145E0177004DA4D7 /* CCTextureAtlas.m */; };
		AF3EB2F2145E0177004DA4D7 /* CCTextureCache.m in Sources */ = {isa = PBXBuildFile; fileRef = AF3EB2F1145E0177004DA4D7 /* CCTextureCache.m */; };
		AF3EB2F5145E0177004DA4D7 /* CCTexturePVR.m in Sources */ = {isa = PBXBuildFile; fileRef = AF3EB2F4145E0177004DA4D7 /* CCTexturePVR.m */; };
		AF3EB2F8145E0177004DA4D7 /* CCTileMapAtlas.m in Sources */ = {isa = PBXBuildFile; fileRef = AF3EB2F7145E0177004DA4D7 /* CCTileMapAtlas.m */; };
		AF3EB2FB145E0177004DA4D7 /* CCTMXLayer.m in Sources */ = {isa = PBXBuildFile; fileRef = AF3EB2FA145E0177004DA4D7 /* CCTMXLayer.m */; };
		AF3EB2FE145E0177004DA4D7 /* CCTMXObjectGroup.m in Sources */ = {isa = PBXBuildFile; fileRef = AF3EB2FD145E0177004DA4D7 /* CCTMXObjectGroup.m */; };
		AF3EB301145E0177004DA4D7 /* CCTMXTiledMap.m in Sources */ = {isa = PBXBuildFile; fileRef = AF3EB300145E0177004DA4D7 /* CCTMXTiledMap.m */; };
		AF3EB304145E0177004DA4D7 /* CCTMXXMLParser.m in Sources */ = {isa = PBXBuildFile; fileRef = AF3EB303145E0177004DA4D7 /* CCTMXXMLParser.m */; };
		AF3EB307145E0177004DA4D7 /* CCTransition.m in Sources */ = {isa = PBXBuildFile; fileRef = AF3EB306145E0177004DA4D7 /* CCTransition.m */; };
		AF3EB30A145E0177004DA4D7 /* CCTransitionPageTurn.m in Sources */ = {isa = PBXBuildFile; fileRef = AF3EB309145E0177004DA4D7 /* CCTransitionPageTurn.m */; };
		AF3EB30D145E0177004DA4D7 /* CCTransitionRadial.m in Sources */ = {isa = PBXBuildFile; fileRef = AF3EB30C145E0177004DA4D7 /* CCTransitionRadial.m */; };
		AF3EB311145E0177004DA4D7 /* cocos2d.m in Sources */ = {isa = PBXBuildFile; fileRef = AF3EB310145E0177004DA4D7 /* cocos2d.m */; };
		AF3EB318145E0177004DA4D7 /* CCDirectorIOS.m in Sources */ = {isa = PBXBuildFile; fileRef = AF3EB317145E0177004DA4D7 /* CCDirectorIOS.m */; };
		AF3EB31C145E0177004DA4D7 /* CCTouchDispatcher.m in Sources */ = {isa = PBXBuildFile; fileRef = AF3EB31B145E0177004DA4D7 /* CCTouchDispatcher.m */; };
		AF3EB31F145E0177004DA4D7 /* CCTouchHandler.m in Sources */ = {isa = PBXBuildFile; fileRef = AF3EB31E145E0177004DA4D7 /* CCTouchHandler.m */; };
		AF3EB322145E0177004DA4D7 /* EAGLView.m in Sources */ = {isa = PBXBuildFile; fileRef = AF3EB321145E0177004DA4D7 /* EAGLView.m */; };
		AF3EB325145E0177004DA4D7 /* ES1Renderer.m in Sources */ = {isa = PBXBuildFile; fileRef = AF3EB324145E0177004DA4D7 /* ES1Renderer.m */; };
		AF3EB328145E0177004DA4D7 /* glu.c in Sources */ = {isa = PBXBuildFile; fileRef = AF3EB327145E0177004DA4D7 /* glu.c */; };
		AF3EB32D145E0177004DA4D7 /* CCDirectorMac.m in Sources */ = {isa = PBXBuildFile; fileRef = AF3EB32C145E0177004DA4D7 /* CCDirectorMac.m */; };
		AF3EB330145E0177004DA4D7 /* CCEventDispatcher.m in Sources */ = {isa = PBXBuildFile; fileRef = AF3EB32F145E0177004DA4D7 /* CCEventDispatcher.m */; };
		AF3EB333145E0177004DA4D7 /* MacGLView.m in Sources */ = {isa = PBXBuildFile; fileRef = AF3EB332145E0177004DA4D7 /* MacGLView.m */; };
		AF3EB336145E0177004DA4D7 /* MacWindow.m in Sources */ = {isa = PBXBuildFile; fileRef = AF3EB335145E0177004DA4D7 /* MacWindow.m */; };
		AF3EB339145E0177004DA4D7 /* base64.c in Sources */ = {isa = PBXBuildFile; fileRef = AF3EB338145E0177004DA4D7 /* base64.c */; };
		AF3EB33D145E0177004DA4D7 /* CCArray.m in Sources */ = {isa = PBXBuildFile; fileRef = AF3EB33C145E0177004DA4D7 /* CCArray.m */; };
		AF3EB341145E0177004DA4D7 /* CCFileUtils.m in Sources */ = {isa = PBXBuildFile; fileRef = AF3EB340145E0177004DA4D7 /* CCFileUtils.m */; };
		AF3EB344145E0177004DA4D7 /* CCProfiling.m in Sources */ = {isa = PBXBuildFile; fileRef = AF3EB343145E0177004DA4D7 /* CCProfiling.m */; };
		AF3EB346145E0177004DA4D7 /* ccUtils.c in Sources */ = {isa = PBXBuildFile; fileRef = AF3EB345145E0177004DA4D7 /* ccUtils.c */; };
		AF3EB34A145E0177004DA4D7 /* CGPointExtension.m in Sources */ = {isa = PBXBuildFile; fileRef = AF3EB349145E0177004DA4D7 /* CGPointExtension.m */; };
		AF3EB34E145E0177004DA4D7 /* TGAlib.m in Sources */ = {isa = PBXBuildFile; fileRef = AF3EB34D145E0177004DA4D7 /* TGAlib.m */; };
		AF3EB351145E0177004DA4D7 /* TransformUtils.m in Sources */ = {isa = PBXBuildFile; fileRef = AF3EB350145E0177004DA4D7 /* TransformUtils.m */; };
		AF3EB356145E0178004DA4D7 /* ZipUtils.m in Sources */ = {isa = PBXBuildFile; fileRef = AF3EB355145E0178004DA4D7 /* ZipUtils.m */; };
		AF3EB35B145E0178004DA4D7 /* CDAudioManager.m in Sources */ = {isa = PBXBuildFile; fileRef = AF3EB35A145E0178004DA4D7 /* CDAudioManager.m */; };
		AF3EB35F145E0178004DA4D7 /* CDOpenALSupport.m in Sources */ = {isa = PBXBuildFile; fileRef = AF3EB35E145E0178004DA4D7 /* CDOpenALSupport.m */; };
		AF3EB362145E0178004DA4D7 /* CocosDenshion.m in Sources */ = {isa = PBXBuildFile; fileRef = AF3EB361145E0178004DA4D7 /* CocosDenshion.m */; };
		AF3EB365145E0178004DA4D7 /* SimpleAudioEngine.m in Sources */ = {isa = PBXBuildFile; fileRef = AF3EB364145E0178004DA4D7 /* SimpleAudioEngine.m */; };
		AF3EB36A145E0178004DA4D7 /* CLScoreServerPost.m in Sources */ = {isa = PBXBuildFile; fileRef = AF3EB369145E0178004DA4D7 /* CLScoreServerPost.m */; };
		AF3EB36D145E0178004DA4D7 /* CLScoreServerRequest.m in Sources */ = {isa = PBXBuildFile; fileRef = AF3EB36C145E0178004DA4D7 /* CLScoreServerRequest.m */; };
		AF3EB370145E0178004DA4D7 /* cocoslive.m in Sources */ = {isa = PBXBuildFile; fileRef = AF3EB36F145E0178004DA4D7 /* cocoslive.m */; };
		AF3EB375145E0178004DA4D7 /* CDataScanner.m in Sources */ = {isa = PBXBuildFile; fileRef = AF3EB374145E0178004DA4D7 /* CDataScanner.m */; };
		AF3EB379145E0178004DA4D7 /* CDataScanner_Extensions.m in Sources */ = {isa = PBXBuildFile; fileRef = AF3EB378145E0178004DA4D7 /* CDataScanner_Extensions.m */; };
		AF3EB37C145E0178004DA4D7 /* NSDictionary_JSONExtensions.m in Sources */ = {isa = PBXBuildFile; fileRef = AF3EB37B145E0178004DA4D7 /* NSDictionary_JSONExtensions.m */; };
		AF3EB380145E0178004DA4D7 /* CJSONDeserializer.m in Sources */ = {isa = PBXBuildFile; fileRef = AF3EB37F145E0178004DA4D7 /* CJSONDeserializer.m */; };
		AF3EB383145E0178004DA4D7 /* CJSONScanner.m in Sources */ = {isa = PBXBuildFile; fileRef = AF3EB382145E0178004DA4D7 /* CJSONScanner.m */; };
		AF3EB386145E0178004DA4D7 /* CJSONSerializer.m in Sources */ = {isa = PBXBuildFile; fileRef = AF3EB385145E0178004DA4D7 /* CJSONSerializer.m */; };
		AF3EB38B145E0178004DA4D7 /* FontLabel.m in Sources */ = {isa = PBXBuildFile; fileRef = AF3EB38A145E0178004DA4D7 /* FontLabel.m */; };
		AF3EB38E145E0178004DA4D7 /* FontLabelStringDrawing.m in Sources */ = {isa = PBXBuildFile; fileRef = AF3EB38D145E0178004DA4D7 /* FontLabelStringDrawing.m */; };
		AF3EB391145E0178004DA4D7 /* FontManager.m in Sources */ = {isa = PBXBuildFile; fileRef = AF3EB390145E0178004DA4D7 /* FontManager.m */; };
		AF3EB394145E0178004DA4D7 /* ZAttributedString.m in Sources */ = {isa = PBXBuildFile; fileRef = AF3EB393145E0178004DA4D7 /* ZAttributedString.m */; };
		AF3EB398145E0178004DA4D7 /* ZFont.m in Sources */ = {isa = PBXBuildFile; fileRef = AF3EB397145E0178004DA4D7 /* ZFont.m */; };
		AF3EB39D145E0178004DA4D7 /* main.m in Sources */ = {isa = PBXBuildFile; fileRef = AF3EB39C145E0178004DA4D7 /* main.m */; };
		AF3EB3A0145E0178004DA4D7 /* AppDelegate.m in Sources */ = {isa = PBXBuildFile; fileRef = AF3EB39F145E0178004DA4D7 /* AppDelegate.m */; };
		AF3EB3A3145E0178004DA4D7 /* RootViewController.m in Sources */ = {isa = PBXBuildFile; fileRef = AF3EB3A2145E0178004DA4D7 /* RootViewController.m */; };
		AF3EB3A6145E0178004DA4D7 /* HelloWorldLayer.m in Sources */ = {isa = PBXBuildFile; fileRef = AF3EB3A5145E0178004DA4D7 /* HelloWorldLayer.m */; };
		AF3EB3B5145E0778004DA4D7 /* HeroSprite1.png in Resources */ = {isa = PBXBuildFile; fileRef = AF3EB3B4145E0778004DA4D7 /* HeroSprite1.png */; };
		AF3EB3BB145E08FF004DA4D7 /* GameBackground.png in Resources */ = {isa = PBXBuildFile; fileRef = AF3EB3BA145E08FF004DA4D7 /* GameBackground.png */; };
		AF3EB3BD145E0B11004DA4D7 /* Wall2.png in Resources */ = {isa = PBXBuildFile; fileRef = AF3EB3BC145E0B11004DA4D7 /* Wall2.png */; };
		AF440ED11470BC3F00578F37 /* GameOverScene.m in Sources */ = {isa = PBXBuildFile; fileRef = AF440ED01470BC3F00578F37 /* GameOverScene.m */; };
		AF74783F1470CF2D00A0B2A9 /* HeroAnimation_default.png in Resources */ = {isa = PBXBuildFile; fileRef = AF74783D1470CF2D00A0B2A9 /* HeroAnimation_default.png */; };
		AF7478401470CF2D00A0B2A9 /* HeroAnimation_default.plist in Resources */ = {isa = PBXBuildFile; fileRef = AF74783E1470CF2D00A0B2A9 /* HeroAnimation_default.plist */; };
		AFA746D914722FC90049B67A /* CCParallaxNode-Extras.m in Sources */ = {isa = PBXBuildFile; fileRef = AFA746D814722FC90049B67A /* CCParallaxNode-Extras.m */; };
		AFC7AC7D1470A2D700B7A51A /* GameBackgroundLong.png in Resources */ = {isa = PBXBuildFile; fileRef = AFC7AC7C1470A2D700B7A51A /* GameBackgroundLong.png */; };
		AFC9B2BF1460EAB100142F6F /* Wall1.png in Resources */ = {isa = PBXBuildFile; fileRef = AFC9B2BE1460EAB100142F6F /* Wall1.png */; };
/* End PBXBuildFile section */

/* Begin PBXFileReference section */
		AF33766E1477778100DB61F1 /* StartScreenScene.h */ = {isa = PBXFileReference; fileEncoding = 4; lastKnownFileType = sourcecode.c.h; path = StartScreenScene.h; sourceTree = "<group>"; };
		AF33766F1477778100DB61F1 /* StartScreenScene.m */ = {isa = PBXFileReference; fileEncoding = 4; lastKnownFileType = sourcecode.c.objc; path = StartScreenScene.m; sourceTree = "<group>"; };
		AF3EB235145E0175004DA4D7 /* Storm The Castle.app */ = {isa = PBXFileReference; explicitFileType = wrapper.application; includeInIndex = 0; path = "Storm The Castle.app"; sourceTree = BUILT_PRODUCTS_DIR; };
		AF3EB239145E0175004DA4D7 /* QuartzCore.framework */ = {isa = PBXFileReference; lastKnownFileType = wrapper.framework; name = QuartzCore.framework; path = System/Library/Frameworks/QuartzCore.framework; sourceTree = SDKROOT; };
		AF3EB23B145E0175004DA4D7 /* OpenGLES.framework */ = {isa = PBXFileReference; lastKnownFileType = wrapper.framework; name = OpenGLES.framework; path = System/Library/Frameworks/OpenGLES.framework; sourceTree = SDKROOT; };
		AF3EB23D145E0175004DA4D7 /* OpenAL.framework */ = {isa = PBXFileReference; lastKnownFileType = wrapper.framework; name = OpenAL.framework; path = System/Library/Frameworks/OpenAL.framework; sourceTree = SDKROOT; };
		AF3EB23F145E0175004DA4D7 /* AudioToolbox.framework */ = {isa = PBXFileReference; lastKnownFileType = wrapper.framework; name = AudioToolbox.framework; path = System/Library/Frameworks/AudioToolbox.framework; sourceTree = SDKROOT; };
		AF3EB241145E0175004DA4D7 /* AVFoundation.framework */ = {isa = PBXFileReference; lastKnownFileType = wrapper.framework; name = AVFoundation.framework; path = System/Library/Frameworks/AVFoundation.framework; sourceTree = SDKROOT; };
		AF3EB243145E0175004DA4D7 /* UIKit.framework */ = {isa = PBXFileReference; lastKnownFileType = wrapper.framework; name = UIKit.framework; path = System/Library/Frameworks/UIKit.framework; sourceTree = SDKROOT; };
		AF3EB245145E0175004DA4D7 /* Foundation.framework */ = {isa = PBXFileReference; lastKnownFileType = wrapper.framework; name = Foundation.framework; path = System/Library/Frameworks/Foundation.framework; sourceTree = SDKROOT; };
		AF3EB247145E0175004DA4D7 /* CoreGraphics.framework */ = {isa = PBXFileReference; lastKnownFileType = wrapper.framework; name = CoreGraphics.framework; path = System/Library/Frameworks/CoreGraphics.framework; sourceTree = SDKROOT; };
		AF3EB24B145E0175004DA4D7 /* Default.png */ = {isa = PBXFileReference; lastKnownFileType = image.png; name = Default.png; path = Resources/Default.png; sourceTree = "<group>"; };
		AF3EB24D145E0175004DA4D7 /* fps_images.png */ = {isa = PBXFileReference; lastKnownFileType = image.png; name = fps_images.png; path = Resources/fps_images.png; sourceTree = "<group>"; };
		AF3EB24F145E0175004DA4D7 /* Icon-72.png */ = {isa = PBXFileReference; lastKnownFileType = image.png; name = "Icon-72.png"; path = "Resources/Icon-72.png"; sourceTree = "<group>"; };
		AF3EB251145E0175004DA4D7 /* Icon-Small-50.png */ = {isa = PBXFileReference; lastKnownFileType = image.png; name = "Icon-Small-50.png"; path = "Resources/Icon-Small-50.png"; sourceTree = "<group>"; };
		AF3EB253145E0176004DA4D7 /* Icon-Small.png */ = {isa = PBXFileReference; lastKnownFileType = image.png; name = "Icon-Small.png"; path = "Resources/Icon-Small.png"; sourceTree = "<group>"; };
		AF3EB255145E0176004DA4D7 /* Icon-Small@2x.png */ = {isa = PBXFileReference; lastKnownFileType = image.png; name = "Icon-Small@2x.png"; path = "Resources/Icon-Small@2x.png"; sourceTree = "<group>"; };
		AF3EB257145E0176004DA4D7 /* Icon.png */ = {isa = PBXFileReference; lastKnownFileType = image.png; name = Icon.png; path = Resources/Icon.png; sourceTree = "<group>"; };
		AF3EB259145E0176004DA4D7 /* Icon@2x.png */ = {isa = PBXFileReference; lastKnownFileType = image.png; name = "Icon@2x.png"; path = "Resources/Icon@2x.png"; sourceTree = "<group>"; };
		AF3EB25B145E0176004DA4D7 /* Info.plist */ = {isa = PBXFileReference; lastKnownFileType = text.plist.xml; name = Info.plist; path = Resources/Info.plist; sourceTree = "<group>"; };
		AF3EB25C145E0176004DA4D7 /* iTunesArtwork */ = {isa = PBXFileReference; lastKnownFileType = file; name = iTunesArtwork; path = Resources/iTunesArtwork; sourceTree = "<group>"; };
		AF3EB260145E0176004DA4D7 /* CCAction.h */ = {isa = PBXFileReference; lastKnownFileType = sourcecode.c.h; name = CCAction.h; path = libs/cocos2d/CCAction.h; sourceTree = "<group>"; };
		AF3EB261145E0176004DA4D7 /* CCAction.m */ = {isa = PBXFileReference; lastKnownFileType = sourcecode.c.objc; name = CCAction.m; path = libs/cocos2d/CCAction.m; sourceTree = "<group>"; };
		AF3EB263145E0176004DA4D7 /* CCActionCamera.h */ = {isa = PBXFileReference; lastKnownFileType = sourcecode.c.h; name = CCActionCamera.h; path = libs/cocos2d/CCActionCamera.h; sourceTree = "<group>"; };
		AF3EB264145E0176004DA4D7 /* CCActionCamera.m */ = {isa = PBXFileReference; lastKnownFileType = sourcecode.c.objc; name = CCActionCamera.m; path = libs/cocos2d/CCActionCamera.m; sourceTree = "<group>"; };
		AF3EB266145E0176004DA4D7 /* CCActionEase.h */ = {isa = PBXFileReference; lastKnownFileType = sourcecode.c.h; name = CCActionEase.h; path = libs/cocos2d/CCActionEase.h; sourceTree = "<group>"; };
		AF3EB267145E0176004DA4D7 /* CCActionEase.m */ = {isa = PBXFileReference; lastKnownFileType = sourcecode.c.objc; name = CCActionEase.m; path = libs/cocos2d/CCActionEase.m; sourceTree = "<group>"; };
		AF3EB269145E0176004DA4D7 /* CCActionGrid.h */ = {isa = PBXFileReference; lastKnownFileType = sourcecode.c.h; name = CCActionGrid.h; path = libs/cocos2d/CCActionGrid.h; sourceTree = "<group>"; };
		AF3EB26A145E0176004DA4D7 /* CCActionGrid.m */ = {isa = PBXFileReference; lastKnownFileType = sourcecode.c.objc; name = CCActionGrid.m; path = libs/cocos2d/CCActionGrid.m; sourceTree = "<group>"; };
		AF3EB26C145E0176004DA4D7 /* CCActionGrid3D.h */ = {isa = PBXFileReference; lastKnownFileType = sourcecode.c.h; name = CCActionGrid3D.h; path = libs/cocos2d/CCActionGrid3D.h; sourceTree = "<group>"; };
		AF3EB26D145E0176004DA4D7 /* CCActionGrid3D.m */ = {isa = PBXFileReference; lastKnownFileType = sourcecode.c.objc; name = CCActionGrid3D.m; path = libs/cocos2d/CCActionGrid3D.m; sourceTree = "<group>"; };
		AF3EB26F145E0176004DA4D7 /* CCActionInstant.h */ = {isa = PBXFileReference; lastKnownFileType = sourcecode.c.h; name = CCActionInstant.h; path = libs/cocos2d/CCActionInstant.h; sourceTree = "<group>"; };
		AF3EB270145E0176004DA4D7 /* CCActionInstant.m */ = {isa = PBXFileReference; lastKnownFileType = sourcecode.c.objc; name = CCActionInstant.m; path = libs/cocos2d/CCActionInstant.m; sourceTree = "<group>"; };
		AF3EB272145E0176004DA4D7 /* CCActionInterval.h */ = {isa = PBXFileReference; lastKnownFileType = sourcecode.c.h; name = CCActionInterval.h; path = libs/cocos2d/CCActionInterval.h; sourceTree = "<group>"; };
		AF3EB273145E0176004DA4D7 /* CCActionInterval.m */ = {isa = PBXFileReference; lastKnownFileType = sourcecode.c.objc; name = CCActionInterval.m; path = libs/cocos2d/CCActionInterval.m; sourceTree = "<group>"; };
		AF3EB275145E0176004DA4D7 /* CCActionManager.h */ = {isa = PBXFileReference; lastKnownFileType = sourcecode.c.h; name = CCActionManager.h; path = libs/cocos2d/CCActionManager.h; sourceTree = "<group>"; };
		AF3EB276145E0176004DA4D7 /* CCActionManager.m */ = {isa = PBXFileReference; lastKnownFileType = sourcecode.c.objc; name = CCActionManager.m; path = libs/cocos2d/CCActionManager.m; sourceTree = "<group>"; };
		AF3EB278145E0176004DA4D7 /* CCActionPageTurn3D.h */ = {isa = PBXFileReference; lastKnownFileType = sourcecode.c.h; name = CCActionPageTurn3D.h; path = libs/cocos2d/CCActionPageTurn3D.h; sourceTree = "<group>"; };
		AF3EB279145E0176004DA4D7 /* CCActionPageTurn3D.m */ = {isa = PBXFileReference; lastKnownFileType = sourcecode.c.objc; name = CCActionPageTurn3D.m; path = libs/cocos2d/CCActionPageTurn3D.m; sourceTree = "<group>"; };
		AF3EB27B145E0176004DA4D7 /* CCActionProgressTimer.h */ = {isa = PBXFileReference; lastKnownFileType = sourcecode.c.h; name = CCActionProgressTimer.h; path = libs/cocos2d/CCActionProgressTimer.h; sourceTree = "<group>"; };
		AF3EB27C145E0176004DA4D7 /* CCActionProgressTimer.m */ = {isa = PBXFileReference; lastKnownFileType = sourcecode.c.objc; name = CCActionProgressTimer.m; path = libs/cocos2d/CCActionProgressTimer.m; sourceTree = "<group>"; };
		AF3EB27E145E0176004DA4D7 /* CCActionTiledGrid.h */ = {isa = PBXFileReference; lastKnownFileType = sourcecode.c.h; name = CCActionTiledGrid.h; path = libs/cocos2d/CCActionTiledGrid.h; sourceTree = "<group>"; };
		AF3EB27F145E0176004DA4D7 /* CCActionTiledGrid.m */ = {isa = PBXFileReference; lastKnownFileType = sourcecode.c.objc; name = CCActionTiledGrid.m; path = libs/cocos2d/CCActionTiledGrid.m; sourceTree = "<group>"; };
		AF3EB281145E0176004DA4D7 /* CCActionTween.h */ = {isa = PBXFileReference; lastKnownFileType = sourcecode.c.h; name = CCActionTween.h; path = libs/cocos2d/CCActionTween.h; sourceTree = "<group>"; };
		AF3EB282145E0176004DA4D7 /* CCActionTween.m */ = {isa = PBXFileReference; lastKnownFileType = sourcecode.c.objc; name = CCActionTween.m; path = libs/cocos2d/CCActionTween.m; sourceTree = "<group>"; };
		AF3EB284145E0176004DA4D7 /* CCAnimation.h */ = {isa = PBXFileReference; lastKnownFileType = sourcecode.c.h; name = CCAnimation.h; path = libs/cocos2d/CCAnimation.h; sourceTree = "<group>"; };
		AF3EB285145E0176004DA4D7 /* CCAnimation.m */ = {isa = PBXFileReference; lastKnownFileType = sourcecode.c.objc; name = CCAnimation.m; path = libs/cocos2d/CCAnimation.m; sourceTree = "<group>"; };
		AF3EB287145E0176004DA4D7 /* CCAnimationCache.h */ = {isa = PBXFileReference; lastKnownFileType = sourcecode.c.h; name = CCAnimationCache.h; path = libs/cocos2d/CCAnimationCache.h; sourceTree = "<group>"; };
		AF3EB288145E0176004DA4D7 /* CCAnimationCache.m */ = {isa = PBXFileReference; lastKnownFileType = sourcecode.c.objc; name = CCAnimationCache.m; path = libs/cocos2d/CCAnimationCache.m; sourceTree = "<group>"; };
		AF3EB28A145E0176004DA4D7 /* CCAtlasNode.h */ = {isa = PBXFileReference; lastKnownFileType = sourcecode.c.h; name = CCAtlasNode.h; path = libs/cocos2d/CCAtlasNode.h; sourceTree = "<group>"; };
		AF3EB28B145E0176004DA4D7 /* CCAtlasNode.m */ = {isa = PBXFileReference; lastKnownFileType = sourcecode.c.objc; name = CCAtlasNode.m; path = libs/cocos2d/CCAtlasNode.m; sourceTree = "<group>"; };
		AF3EB28D145E0176004DA4D7 /* CCBlockSupport.h */ = {isa = PBXFileReference; lastKnownFileType = sourcecode.c.h; name = CCBlockSupport.h; path = libs/cocos2d/CCBlockSupport.h; sourceTree = "<group>"; };
		AF3EB28E145E0176004DA4D7 /* CCBlockSupport.m */ = {isa = PBXFileReference; lastKnownFileType = sourcecode.c.objc; name = CCBlockSupport.m; path = libs/cocos2d/CCBlockSupport.m; sourceTree = "<group>"; };
		AF3EB290145E0176004DA4D7 /* CCCamera.h */ = {isa = PBXFileReference; lastKnownFileType = sourcecode.c.h; name = CCCamera.h; path = libs/cocos2d/CCCamera.h; sourceTree = "<group>"; };
		AF3EB291145E0176004DA4D7 /* CCCamera.m */ = {isa = PBXFileReference; lastKnownFileType = sourcecode.c.objc; name = CCCamera.m; path = libs/cocos2d/CCCamera.m; sourceTree = "<group>"; };
		AF3EB293145E0176004DA4D7 /* ccConfig.h */ = {isa = PBXFileReference; lastKnownFileType = sourcecode.c.h; name = ccConfig.h; path = libs/cocos2d/ccConfig.h; sourceTree = "<group>"; };
		AF3EB294145E0176004DA4D7 /* CCConfiguration.h */ = {isa = PBXFileReference; lastKnownFileType = sourcecode.c.h; name = CCConfiguration.h; path = libs/cocos2d/CCConfiguration.h; sourceTree = "<group>"; };
		AF3EB295145E0176004DA4D7 /* CCConfiguration.m */ = {isa = PBXFileReference; lastKnownFileType = sourcecode.c.objc; name = CCConfiguration.m; path = libs/cocos2d/CCConfiguration.m; sourceTree = "<group>"; };
		AF3EB297145E0176004DA4D7 /* CCDirector.h */ = {isa = PBXFileReference; lastKnownFileType = sourcecode.c.h; name = CCDirector.h; path = libs/cocos2d/CCDirector.h; sourceTree = "<group>"; };
		AF3EB298145E0176004DA4D7 /* CCDirector.m */ = {isa = PBXFileReference; lastKnownFileType = sourcecode.c.objc; name = CCDirector.m; path = libs/cocos2d/CCDirector.m; sourceTree = "<group>"; };
		AF3EB29A145E0176004DA4D7 /* CCDrawingPrimitives.h */ = {isa = PBXFileReference; lastKnownFileType = sourcecode.c.h; name = CCDrawingPrimitives.h; path = libs/cocos2d/CCDrawingPrimitives.h; sourceTree = "<group>"; };
		AF3EB29B145E0176004DA4D7 /* CCDrawingPrimitives.m */ = {isa = PBXFileReference; lastKnownFileType = sourcecode.c.objc; name = CCDrawingPrimitives.m; path = libs/cocos2d/CCDrawingPrimitives.m; sourceTree = "<group>"; };
		AF3EB29D145E0176004DA4D7 /* CCGrabber.h */ = {isa = PBXFileReference; lastKnownFileType = sourcecode.c.h; name = CCGrabber.h; path = libs/cocos2d/CCGrabber.h; sourceTree = "<group>"; };
		AF3EB29E145E0176004DA4D7 /* CCGrabber.m */ = {isa = PBXFileReference; lastKnownFileType = sourcecode.c.objc; name = CCGrabber.m; path = libs/cocos2d/CCGrabber.m; sourceTree = "<group>"; };
		AF3EB2A0145E0176004DA4D7 /* CCGrid.h */ = {isa = PBXFileReference; lastKnownFileType = sourcecode.c.h; name = CCGrid.h; path = libs/cocos2d/CCGrid.h; sourceTree = "<group>"; };
		AF3EB2A1145E0176004DA4D7 /* CCGrid.m */ = {isa = PBXFileReference; lastKnownFileType = sourcecode.c.objc; name = CCGrid.m; path = libs/cocos2d/CCGrid.m; sourceTree = "<group>"; };
		AF3EB2A3145E0176004DA4D7 /* CCLabelAtlas.h */ = {isa = PBXFileReference; lastKnownFileType = sourcecode.c.h; name = CCLabelAtlas.h; path = libs/cocos2d/CCLabelAtlas.h; sourceTree = "<group>"; };
		AF3EB2A4145E0176004DA4D7 /* CCLabelAtlas.m */ = {isa = PBXFileReference; lastKnownFileType = sourcecode.c.objc; name = CCLabelAtlas.m; path = libs/cocos2d/CCLabelAtlas.m; sourceTree = "<group>"; };
		AF3EB2A6145E0176004DA4D7 /* CCLabelBMFont.h */ = {isa = PBXFileReference; lastKnownFileType = sourcecode.c.h; name = CCLabelBMFont.h; path = libs/cocos2d/CCLabelBMFont.h; sourceTree = "<group>"; };
		AF3EB2A7145E0176004DA4D7 /* CCLabelBMFont.m */ = {isa = PBXFileReference; lastKnownFileType = sourcecode.c.objc; name = CCLabelBMFont.m; path = libs/cocos2d/CCLabelBMFont.m; sourceTree = "<group>"; };
		AF3EB2A9145E0176004DA4D7 /* CCLabelTTF.h */ = {isa = PBXFileReference; lastKnownFileType = sourcecode.c.h; name = CCLabelTTF.h; path = libs/cocos2d/CCLabelTTF.h; sourceTree = "<group>"; };
		AF3EB2AA145E0176004DA4D7 /* CCLabelTTF.m */ = {isa = PBXFileReference; lastKnownFileType = sourcecode.c.objc; name = CCLabelTTF.m; path = libs/cocos2d/CCLabelTTF.m; sourceTree = "<group>"; };
		AF3EB2AC145E0176004DA4D7 /* CCLayer.h */ = {isa = PBXFileReference; lastKnownFileType = sourcecode.c.h; name = CCLayer.h; path = libs/cocos2d/CCLayer.h; sourceTree = "<group>"; };
		AF3EB2AD145E0176004DA4D7 /* CCLayer.m */ = {isa = PBXFileReference; lastKnownFileType = sourcecode.c.objc; name = CCLayer.m; path = libs/cocos2d/CCLayer.m; sourceTree = "<group>"; };
		AF3EB2AF145E0176004DA4D7 /* ccMacros.h */ = {isa = PBXFileReference; lastKnownFileType = sourcecode.c.h; name = ccMacros.h; path = libs/cocos2d/ccMacros.h; sourceTree = "<group>"; };
		AF3EB2B0145E0176004DA4D7 /* CCMenu.h */ = {isa = PBXFileReference; lastKnownFileType = sourcecode.c.h; name = CCMenu.h; path = libs/cocos2d/CCMenu.h; sourceTree = "<group>"; };
		AF3EB2B1145E0176004DA4D7 /* CCMenu.m */ = {isa = PBXFileReference; lastKnownFileType = sourcecode.c.objc; name = CCMenu.m; path = libs/cocos2d/CCMenu.m; sourceTree = "<group>"; };
		AF3EB2B3145E0176004DA4D7 /* CCMenuItem.h */ = {isa = PBXFileReference; lastKnownFileType = sourcecode.c.h; name = CCMenuItem.h; path = libs/cocos2d/CCMenuItem.h; sourceTree = "<group>"; };
		AF3EB2B4145E0176004DA4D7 /* CCMenuItem.m */ = {isa = PBXFileReference; lastKnownFileType = sourcecode.c.objc; name = CCMenuItem.m; path = libs/cocos2d/CCMenuItem.m; sourceTree = "<group>"; };
		AF3EB2B6145E0176004DA4D7 /* CCMotionStreak.h */ = {isa = PBXFileReference; lastKnownFileType = sourcecode.c.h; name = CCMotionStreak.h; path = libs/cocos2d/CCMotionStreak.h; sourceTree = "<group>"; };
		AF3EB2B7145E0176004DA4D7 /* CCMotionStreak.m */ = {isa = PBXFileReference; lastKnownFileType = sourcecode.c.objc; name = CCMotionStreak.m; path = libs/cocos2d/CCMotionStreak.m; sourceTree = "<group>"; };
		AF3EB2B9145E0176004DA4D7 /* CCNode.h */ = {isa = PBXFileReference; lastKnownFileType = sourcecode.c.h; name = CCNode.h; path = libs/cocos2d/CCNode.h; sourceTree = "<group>"; };
		AF3EB2BA145E0176004DA4D7 /* CCNode.m */ = {isa = PBXFileReference; lastKnownFileType = sourcecode.c.objc; name = CCNode.m; path = libs/cocos2d/CCNode.m; sourceTree = "<group>"; };
		AF3EB2BC145E0176004DA4D7 /* CCParallaxNode.h */ = {isa = PBXFileReference; lastKnownFileType = sourcecode.c.h; name = CCParallaxNode.h; path = libs/cocos2d/CCParallaxNode.h; sourceTree = "<group>"; };
		AF3EB2BD145E0176004DA4D7 /* CCParallaxNode.m */ = {isa = PBXFileReference; lastKnownFileType = sourcecode.c.objc; name = CCParallaxNode.m; path = libs/cocos2d/CCParallaxNode.m; sourceTree = "<group>"; };
		AF3EB2BF145E0176004DA4D7 /* CCParticleBatchNode.h */ = {isa = PBXFileReference; lastKnownFileType = sourcecode.c.h; name = CCParticleBatchNode.h; path = libs/cocos2d/CCParticleBatchNode.h; sourceTree = "<group>"; };
		AF3EB2C0145E0176004DA4D7 /* CCParticleBatchNode.m */ = {isa = PBXFileReference; lastKnownFileType = sourcecode.c.objc; name = CCParticleBatchNode.m; path = libs/cocos2d/CCParticleBatchNode.m; sourceTree = "<group>"; };
		AF3EB2C2145E0176004DA4D7 /* CCParticleExamples.h */ = {isa = PBXFileReference; lastKnownFileType = sourcecode.c.h; name = CCParticleExamples.h; path = libs/cocos2d/CCParticleExamples.h; sourceTree = "<group>"; };
		AF3EB2C3145E0176004DA4D7 /* CCParticleExamples.m */ = {isa = PBXFileReference; lastKnownFileType = sourcecode.c.objc; name = CCParticleExamples.m; path = libs/cocos2d/CCParticleExamples.m; sourceTree = "<group>"; };
		AF3EB2C5145E0176004DA4D7 /* CCParticleSystem.h */ = {isa = PBXFileReference; lastKnownFileType = sourcecode.c.h; name = CCParticleSystem.h; path = libs/cocos2d/CCParticleSystem.h; sourceTree = "<group>"; };
		AF3EB2C6145E0176004DA4D7 /* CCParticleSystem.m */ = {isa = PBXFileReference; lastKnownFileType = sourcecode.c.objc; name = CCParticleSystem.m; path = libs/cocos2d/CCParticleSystem.m; sourceTree = "<group>"; };
		AF3EB2C8145E0176004DA4D7 /* CCParticleSystemPoint.h */ = {isa = PBXFileReference; lastKnownFileType = sourcecode.c.h; name = CCParticleSystemPoint.h; path = libs/cocos2d/CCParticleSystemPoint.h; sourceTree = "<group>"; };
		AF3EB2C9145E0176004DA4D7 /* CCParticleSystemPoint.m */ = {isa = PBXFileReference; lastKnownFileType = sourcecode.c.objc; name = CCParticleSystemPoint.m; path = libs/cocos2d/CCParticleSystemPoint.m; sourceTree = "<group>"; };
		AF3EB2CB145E0176004DA4D7 /* CCParticleSystemQuad.h */ = {isa = PBXFileReference; lastKnownFileType = sourcecode.c.h; name = CCParticleSystemQuad.h; path = libs/cocos2d/CCParticleSystemQuad.h; sourceTree = "<group>"; };
		AF3EB2CC145E0176004DA4D7 /* CCParticleSystemQuad.m */ = {isa = PBXFileReference; lastKnownFileType = sourcecode.c.objc; name = CCParticleSystemQuad.m; path = libs/cocos2d/CCParticleSystemQuad.m; sourceTree = "<group>"; };
		AF3EB2CE145E0176004DA4D7 /* CCProgressTimer.h */ = {isa = PBXFileReference; lastKnownFileType = sourcecode.c.h; name = CCProgressTimer.h; path = libs/cocos2d/CCProgressTimer.h; sourceTree = "<group>"; };
		AF3EB2CF145E0176004DA4D7 /* CCProgressTimer.m */ = {isa = PBXFileReference; lastKnownFileType = sourcecode.c.objc; name = CCProgressTimer.m; path = libs/cocos2d/CCProgressTimer.m; sourceTree = "<group>"; };
		AF3EB2D1145E0176004DA4D7 /* CCProtocols.h */ = {isa = PBXFileReference; lastKnownFileType = sourcecode.c.h; name = CCProtocols.h; path = libs/cocos2d/CCProtocols.h; sourceTree = "<group>"; };
		AF3EB2D2145E0176004DA4D7 /* CCRenderTexture.h */ = {isa = PBXFileReference; lastKnownFileType = sourcecode.c.h; name = CCRenderTexture.h; path = libs/cocos2d/CCRenderTexture.h; sourceTree = "<group>"; };
		AF3EB2D3145E0176004DA4D7 /* CCRenderTexture.m */ = {isa = PBXFileReference; lastKnownFileType = sourcecode.c.objc; name = CCRenderTexture.m; path = libs/cocos2d/CCRenderTexture.m; sourceTree = "<group>"; };
		AF3EB2D5145E0176004DA4D7 /* CCRibbon.h */ = {isa = PBXFileReference; lastKnownFileType = sourcecode.c.h; name = CCRibbon.h; path = libs/cocos2d/CCRibbon.h; sourceTree = "<group>"; };
		AF3EB2D6145E0176004DA4D7 /* CCRibbon.m */ = {isa = PBXFileReference; lastKnownFileType = sourcecode.c.objc; name = CCRibbon.m; path = libs/cocos2d/CCRibbon.m; sourceTree = "<group>"; };
		AF3EB2D8145E0177004DA4D7 /* CCScene.h */ = {isa = PBXFileReference; lastKnownFileType = sourcecode.c.h; name = CCScene.h; path = libs/cocos2d/CCScene.h; sourceTree = "<group>"; };
		AF3EB2D9145E0177004DA4D7 /* CCScene.m */ = {isa = PBXFileReference; lastKnownFileType = sourcecode.c.objc; name = CCScene.m; path = libs/cocos2d/CCScene.m; sourceTree = "<group>"; };
		AF3EB2DB145E0177004DA4D7 /* CCScheduler.h */ = {isa = PBXFileReference; lastKnownFileType = sourcecode.c.h; name = CCScheduler.h; path = libs/cocos2d/CCScheduler.h; sourceTree = "<group>"; };
		AF3EB2DC145E0177004DA4D7 /* CCScheduler.m */ = {isa = PBXFileReference; lastKnownFileType = sourcecode.c.objc; name = CCScheduler.m; path = libs/cocos2d/CCScheduler.m; sourceTree = "<group>"; };
		AF3EB2DE145E0177004DA4D7 /* CCSprite.h */ = {isa = PBXFileReference; lastKnownFileType = sourcecode.c.h; name = CCSprite.h; path = libs/cocos2d/CCSprite.h; sourceTree = "<group>"; };
		AF3EB2DF145E0177004DA4D7 /* CCSprite.m */ = {isa = PBXFileReference; lastKnownFileType = sourcecode.c.objc; name = CCSprite.m; path = libs/cocos2d/CCSprite.m; sourceTree = "<group>"; };
		AF3EB2E1145E0177004DA4D7 /* CCSpriteBatchNode.h */ = {isa = PBXFileReference; lastKnownFileType = sourcecode.c.h; name = CCSpriteBatchNode.h; path = libs/cocos2d/CCSpriteBatchNode.h; sourceTree = "<group>"; };
		AF3EB2E2145E0177004DA4D7 /* CCSpriteBatchNode.m */ = {isa = PBXFileReference; lastKnownFileType = sourcecode.c.objc; name = CCSpriteBatchNode.m; path = libs/cocos2d/CCSpriteBatchNode.m; sourceTree = "<group>"; };
		AF3EB2E4145E0177004DA4D7 /* CCSpriteFrame.h */ = {isa = PBXFileReference; lastKnownFileType = sourcecode.c.h; name = CCSpriteFrame.h; path = libs/cocos2d/CCSpriteFrame.h; sourceTree = "<group>"; };
		AF3EB2E5145E0177004DA4D7 /* CCSpriteFrame.m */ = {isa = PBXFileReference; lastKnownFileType = sourcecode.c.objc; name = CCSpriteFrame.m; path = libs/cocos2d/CCSpriteFrame.m; sourceTree = "<group>"; };
		AF3EB2E7145E0177004DA4D7 /* CCSpriteFrameCache.h */ = {isa = PBXFileReference; lastKnownFileType = sourcecode.c.h; name = CCSpriteFrameCache.h; path = libs/cocos2d/CCSpriteFrameCache.h; sourceTree = "<group>"; };
		AF3EB2E8145E0177004DA4D7 /* CCSpriteFrameCache.m */ = {isa = PBXFileReference; lastKnownFileType = sourcecode.c.objc; name = CCSpriteFrameCache.m; path = libs/cocos2d/CCSpriteFrameCache.m; sourceTree = "<group>"; };
		AF3EB2EA145E0177004DA4D7 /* CCTexture2D.h */ = {isa = PBXFileReference; lastKnownFileType = sourcecode.c.h; name = CCTexture2D.h; path = libs/cocos2d/CCTexture2D.h; sourceTree = "<group>"; };
		AF3EB2EB145E0177004DA4D7 /* CCTexture2D.m */ = {isa = PBXFileReference; lastKnownFileType = sourcecode.c.objc; name = CCTexture2D.m; path = libs/cocos2d/CCTexture2D.m; sourceTree = "<group>"; };
		AF3EB2ED145E0177004DA4D7 /* CCTextureAtlas.h */ = {isa = PBXFileReference; lastKnownFileType = sourcecode.c.h; name = CCTextureAtlas.h; path = libs/cocos2d/CCTextureAtlas.h; sourceTree = "<group>"; };
		AF3EB2EE145E0177004DA4D7 /* CCTextureAtlas.m */ = {isa = PBXFileReference; lastKnownFileType = sourcecode.c.objc; name = CCTextureAtlas.m; path = libs/cocos2d/CCTextureAtlas.m; sourceTree = "<group>"; };
		AF3EB2F0145E0177004DA4D7 /* CCTextureCache.h */ = {isa = PBXFileReference; lastKnownFileType = sourcecode.c.h; name = CCTextureCache.h; path = libs/cocos2d/CCTextureCache.h; sourceTree = "<group>"; };
		AF3EB2F1145E0177004DA4D7 /* CCTextureCache.m */ = {isa = PBXFileReference; lastKnownFileType = sourcecode.c.objc; name = CCTextureCache.m; path = libs/cocos2d/CCTextureCache.m; sourceTree = "<group>"; };
		AF3EB2F3145E0177004DA4D7 /* CCTexturePVR.h */ = {isa = PBXFileReference; lastKnownFileType = sourcecode.c.h; name = CCTexturePVR.h; path = libs/cocos2d/CCTexturePVR.h; sourceTree = "<group>"; };
		AF3EB2F4145E0177004DA4D7 /* CCTexturePVR.m */ = {isa = PBXFileReference; lastKnownFileType = sourcecode.c.objc; name = CCTexturePVR.m; path = libs/cocos2d/CCTexturePVR.m; sourceTree = "<group>"; };
		AF3EB2F6145E0177004DA4D7 /* CCTileMapAtlas.h */ = {isa = PBXFileReference; lastKnownFileType = sourcecode.c.h; name = CCTileMapAtlas.h; path = libs/cocos2d/CCTileMapAtlas.h; sourceTree = "<group>"; };
		AF3EB2F7145E0177004DA4D7 /* CCTileMapAtlas.m */ = {isa = PBXFileReference; lastKnownFileType = sourcecode.c.objc; name = CCTileMapAtlas.m; path = libs/cocos2d/CCTileMapAtlas.m; sourceTree = "<group>"; };
		AF3EB2F9145E0177004DA4D7 /* CCTMXLayer.h */ = {isa = PBXFileReference; lastKnownFileType = sourcecode.c.h; name = CCTMXLayer.h; path = libs/cocos2d/CCTMXLayer.h; sourceTree = "<group>"; };
		AF3EB2FA145E0177004DA4D7 /* CCTMXLayer.m */ = {isa = PBXFileReference; lastKnownFileType = sourcecode.c.objc; name = CCTMXLayer.m; path = libs/cocos2d/CCTMXLayer.m; sourceTree = "<group>"; };
		AF3EB2FC145E0177004DA4D7 /* CCTMXObjectGroup.h */ = {isa = PBXFileReference; lastKnownFileType = sourcecode.c.h; name = CCTMXObjectGroup.h; path = libs/cocos2d/CCTMXObjectGroup.h; sourceTree = "<group>"; };
		AF3EB2FD145E0177004DA4D7 /* CCTMXObjectGroup.m */ = {isa = PBXFileReference; lastKnownFileType = sourcecode.c.objc; name = CCTMXObjectGroup.m; path = libs/cocos2d/CCTMXObjectGroup.m; sourceTree = "<group>"; };
		AF3EB2FF145E0177004DA4D7 /* CCTMXTiledMap.h */ = {isa = PBXFileReference; lastKnownFileType = sourcecode.c.h; name = CCTMXTiledMap.h; path = libs/cocos2d/CCTMXTiledMap.h; sourceTree = "<group>"; };
		AF3EB300145E0177004DA4D7 /* CCTMXTiledMap.m */ = {isa = PBXFileReference; lastKnownFileType = sourcecode.c.objc; name = CCTMXTiledMap.m; path = libs/cocos2d/CCTMXTiledMap.m; sourceTree = "<group>"; };
		AF3EB302145E0177004DA4D7 /* CCTMXXMLParser.h */ = {isa = PBXFileReference; lastKnownFileType = sourcecode.c.h; name = CCTMXXMLParser.h; path = libs/cocos2d/CCTMXXMLParser.h; sourceTree = "<group>"; };
		AF3EB303145E0177004DA4D7 /* CCTMXXMLParser.m */ = {isa = PBXFileReference; lastKnownFileType = sourcecode.c.objc; name = CCTMXXMLParser.m; path = libs/cocos2d/CCTMXXMLParser.m; sourceTree = "<group>"; };
		AF3EB305145E0177004DA4D7 /* CCTransition.h */ = {isa = PBXFileReference; lastKnownFileType = sourcecode.c.h; name = CCTransition.h; path = libs/cocos2d/CCTransition.h; sourceTree = "<group>"; };
		AF3EB306145E0177004DA4D7 /* CCTransition.m */ = {isa = PBXFileReference; lastKnownFileType = sourcecode.c.objc; name = CCTransition.m; path = libs/cocos2d/CCTransition.m; sourceTree = "<group>"; };
		AF3EB308145E0177004DA4D7 /* CCTransitionPageTurn.h */ = {isa = PBXFileReference; lastKnownFileType = sourcecode.c.h; name = CCTransitionPageTurn.h; path = libs/cocos2d/CCTransitionPageTurn.h; sourceTree = "<group>"; };
		AF3EB309145E0177004DA4D7 /* CCTransitionPageTurn.m */ = {isa = PBXFileReference; lastKnownFileType = sourcecode.c.objc; name = CCTransitionPageTurn.m; path = libs/cocos2d/CCTransitionPageTurn.m; sourceTree = "<group>"; };
		AF3EB30B145E0177004DA4D7 /* CCTransitionRadial.h */ = {isa = PBXFileReference; lastKnownFileType = sourcecode.c.h; name = CCTransitionRadial.h; path = libs/cocos2d/CCTransitionRadial.h; sourceTree = "<group>"; };
		AF3EB30C145E0177004DA4D7 /* CCTransitionRadial.m */ = {isa = PBXFileReference; lastKnownFileType = sourcecode.c.objc; name = CCTransitionRadial.m; path = libs/cocos2d/CCTransitionRadial.m; sourceTree = "<group>"; };
		AF3EB30E145E0177004DA4D7 /* ccTypes.h */ = {isa = PBXFileReference; lastKnownFileType = sourcecode.c.h; name = ccTypes.h; path = libs/cocos2d/ccTypes.h; sourceTree = "<group>"; };
		AF3EB30F145E0177004DA4D7 /* cocos2d.h */ = {isa = PBXFileReference; lastKnownFileType = sourcecode.c.h; name = cocos2d.h; path = libs/cocos2d/cocos2d.h; sourceTree = "<group>"; };
		AF3EB310145E0177004DA4D7 /* cocos2d.m */ = {isa = PBXFileReference; lastKnownFileType = sourcecode.c.objc; name = cocos2d.m; path = libs/cocos2d/cocos2d.m; sourceTree = "<group>"; };
		AF3EB313145E0177004DA4D7 /* CCGL.h */ = {isa = PBXFileReference; lastKnownFileType = sourcecode.c.h; name = CCGL.h; path = libs/cocos2d/Platforms/CCGL.h; sourceTree = "<group>"; };
		AF3EB314145E0177004DA4D7 /* CCNS.h */ = {isa = PBXFileReference; lastKnownFileType = sourcecode.c.h; name = CCNS.h; path = libs/cocos2d/Platforms/CCNS.h; sourceTree = "<group>"; };
		AF3EB316145E0177004DA4D7 /* CCDirectorIOS.h */ = {isa = PBXFileReference; lastKnownFileType = sourcecode.c.h; name = CCDirectorIOS.h; path = libs/cocos2d/Platforms/iOS/CCDirectorIOS.h; sourceTree = "<group>"; };
		AF3EB317145E0177004DA4D7 /* CCDirectorIOS.m */ = {isa = PBXFileReference; lastKnownFileType = sourcecode.c.objc; name = CCDirectorIOS.m; path = libs/cocos2d/Platforms/iOS/CCDirectorIOS.m; sourceTree = "<group>"; };
		AF3EB319145E0177004DA4D7 /* CCTouchDelegateProtocol.h */ = {isa = PBXFileReference; lastKnownFileType = sourcecode.c.h; name = CCTouchDelegateProtocol.h; path = libs/cocos2d/Platforms/iOS/CCTouchDelegateProtocol.h; sourceTree = "<group>"; };
		AF3EB31A145E0177004DA4D7 /* CCTouchDispatcher.h */ = {isa = PBXFileReference; lastKnownFileType = sourcecode.c.h; name = CCTouchDispatcher.h; path = libs/cocos2d/Platforms/iOS/CCTouchDispatcher.h; sourceTree = "<group>"; };
		AF3EB31B145E0177004DA4D7 /* CCTouchDispatcher.m */ = {isa = PBXFileReference; lastKnownFileType = sourcecode.c.objc; name = CCTouchDispatcher.m; path = libs/cocos2d/Platforms/iOS/CCTouchDispatcher.m; sourceTree = "<group>"; };
		AF3EB31D145E0177004DA4D7 /* CCTouchHandler.h */ = {isa = PBXFileReference; lastKnownFileType = sourcecode.c.h; name = CCTouchHandler.h; path = libs/cocos2d/Platforms/iOS/CCTouchHandler.h; sourceTree = "<group>"; };
		AF3EB31E145E0177004DA4D7 /* CCTouchHandler.m */ = {isa = PBXFileReference; lastKnownFileType = sourcecode.c.objc; name = CCTouchHandler.m; path = libs/cocos2d/Platforms/iOS/CCTouchHandler.m; sourceTree = "<group>"; };
		AF3EB320145E0177004DA4D7 /* EAGLView.h */ = {isa = PBXFileReference; lastKnownFileType = sourcecode.c.h; name = EAGLView.h; path = libs/cocos2d/Platforms/iOS/EAGLView.h; sourceTree = "<group>"; };
		AF3EB321145E0177004DA4D7 /* EAGLView.m */ = {isa = PBXFileReference; lastKnownFileType = sourcecode.c.objc; name = EAGLView.m; path = libs/cocos2d/Platforms/iOS/EAGLView.m; sourceTree = "<group>"; };
		AF3EB323145E0177004DA4D7 /* ES1Renderer.h */ = {isa = PBXFileReference; lastKnownFileType = sourcecode.c.h; name = ES1Renderer.h; path = libs/cocos2d/Platforms/iOS/ES1Renderer.h; sourceTree = "<group>"; };
		AF3EB324145E0177004DA4D7 /* ES1Renderer.m */ = {isa = PBXFileReference; lastKnownFileType = sourcecode.c.objc; name = ES1Renderer.m; path = libs/cocos2d/Platforms/iOS/ES1Renderer.m; sourceTree = "<group>"; };
		AF3EB326145E0177004DA4D7 /* ESRenderer.h */ = {isa = PBXFileReference; lastKnownFileType = sourcecode.c.h; name = ESRenderer.h; path = libs/cocos2d/Platforms/iOS/ESRenderer.h; sourceTree = "<group>"; };
		AF3EB327145E0177004DA4D7 /* glu.c */ = {isa = PBXFileReference; lastKnownFileType = sourcecode.c.c; name = glu.c; path = libs/cocos2d/Platforms/iOS/glu.c; sourceTree = "<group>"; };
		AF3EB329145E0177004DA4D7 /* glu.h */ = {isa = PBXFileReference; lastKnownFileType = sourcecode.c.h; name = glu.h; path = libs/cocos2d/Platforms/iOS/glu.h; sourceTree = "<group>"; };
		AF3EB32B145E0177004DA4D7 /* CCDirectorMac.h */ = {isa = PBXFileReference; lastKnownFileType = sourcecode.c.h; name = CCDirectorMac.h; path = libs/cocos2d/Platforms/Mac/CCDirectorMac.h; sourceTree = "<group>"; };
		AF3EB32C145E0177004DA4D7 /* CCDirectorMac.m */ = {isa = PBXFileReference; lastKnownFileType = sourcecode.c.objc; name = CCDirectorMac.m; path = libs/cocos2d/Platforms/Mac/CCDirectorMac.m; sourceTree = "<group>"; };
		AF3EB32E145E0177004DA4D7 /* CCEventDispatcher.h */ = {isa = PBXFileReference; lastKnownFileType = sourcecode.c.h; name = CCEventDispatcher.h; path = libs/cocos2d/Platforms/Mac/CCEventDispatcher.h; sourceTree = "<group>"; };
		AF3EB32F145E0177004DA4D7 /* CCEventDispatcher.m */ = {isa = PBXFileReference; lastKnownFileType = sourcecode.c.objc; name = CCEventDispatcher.m; path = libs/cocos2d/Platforms/Mac/CCEventDispatcher.m; sourceTree = "<group>"; };
		AF3EB331145E0177004DA4D7 /* MacGLView.h */ = {isa = PBXFileReference; lastKnownFileType = sourcecode.c.h; name = MacGLView.h; path = libs/cocos2d/Platforms/Mac/MacGLView.h; sourceTree = "<group>"; };
		AF3EB332145E0177004DA4D7 /* MacGLView.m */ = {isa = PBXFileReference; lastKnownFileType = sourcecode.c.objc; name = MacGLView.m; path = libs/cocos2d/Platforms/Mac/MacGLView.m; sourceTree = "<group>"; };
		AF3EB334145E0177004DA4D7 /* MacWindow.h */ = {isa = PBXFileReference; lastKnownFileType = sourcecode.c.h; name = MacWindow.h; path = libs/cocos2d/Platforms/Mac/MacWindow.h; sourceTree = "<group>"; };
		AF3EB335145E0177004DA4D7 /* MacWindow.m */ = {isa = PBXFileReference; lastKnownFileType = sourcecode.c.objc; name = MacWindow.m; path = libs/cocos2d/Platforms/Mac/MacWindow.m; sourceTree = "<group>"; };
		AF3EB338145E0177004DA4D7 /* base64.c */ = {isa = PBXFileReference; lastKnownFileType = sourcecode.c.c; name = base64.c; path = libs/cocos2d/Support/base64.c; sourceTree = "<group>"; };
		AF3EB33A145E0177004DA4D7 /* base64.h */ = {isa = PBXFileReference; lastKnownFileType = sourcecode.c.h; name = base64.h; path = libs/cocos2d/Support/base64.h; sourceTree = "<group>"; };
		AF3EB33B145E0177004DA4D7 /* CCArray.h */ = {isa = PBXFileReference; lastKnownFileType = sourcecode.c.h; name = CCArray.h; path = libs/cocos2d/Support/CCArray.h; sourceTree = "<group>"; };
		AF3EB33C145E0177004DA4D7 /* CCArray.m */ = {isa = PBXFileReference; lastKnownFileType = sourcecode.c.objc; name = CCArray.m; path = libs/cocos2d/Support/CCArray.m; sourceTree = "<group>"; };
		AF3EB33E145E0177004DA4D7 /* ccCArray.h */ = {isa = PBXFileReference; lastKnownFileType = sourcecode.c.h; name = ccCArray.h; path = libs/cocos2d/Support/ccCArray.h; sourceTree = "<group>"; };
		AF3EB33F145E0177004DA4D7 /* CCFileUtils.h */ = {isa = PBXFileReference; lastKnownFileType = sourcecode.c.h; name = CCFileUtils.h; path = libs/cocos2d/Support/CCFileUtils.h; sourceTree = "<group>"; };
		AF3EB340145E0177004DA4D7 /* CCFileUtils.m */ = {isa = PBXFileReference; lastKnownFileType = sourcecode.c.objc; name = CCFileUtils.m; path = libs/cocos2d/Support/CCFileUtils.m; sourceTree = "<group>"; };
		AF3EB342145E0177004DA4D7 /* CCProfiling.h */ = {isa = PBXFileReference; lastKnownFileType = sourcecode.c.h; name = CCProfiling.h; path = libs/cocos2d/Support/CCProfiling.h; sourceTree = "<group>"; };
		AF3EB343145E0177004DA4D7 /* CCProfiling.m */ = {isa = PBXFileReference; lastKnownFileType = sourcecode.c.objc; name = CCProfiling.m; path = libs/cocos2d/Support/CCProfiling.m; sourceTree = "<group>"; };
		AF3EB345145E0177004DA4D7 /* ccUtils.c */ = {isa = PBXFileReference; lastKnownFileType = sourcecode.c.c; name = ccUtils.c; path = libs/cocos2d/Support/ccUtils.c; sourceTree = "<group>"; };
		AF3EB347145E0177004DA4D7 /* ccUtils.h */ = {isa = PBXFileReference; lastKnownFileType = sourcecode.c.h; name = ccUtils.h; path = libs/cocos2d/Support/ccUtils.h; sourceTree = "<group>"; };
		AF3EB348145E0177004DA4D7 /* CGPointExtension.h */ = {isa = PBXFileReference; lastKnownFileType = sourcecode.c.h; name = CGPointExtension.h; path = libs/cocos2d/Support/CGPointExtension.h; sourceTree = "<group>"; };
		AF3EB349145E0177004DA4D7 /* CGPointExtension.m */ = {isa = PBXFileReference; lastKnownFileType = sourcecode.c.objc; name = CGPointExtension.m; path = libs/cocos2d/Support/CGPointExtension.m; sourceTree = "<group>"; };
		AF3EB34B145E0177004DA4D7 /* OpenGL_Internal.h */ = {isa = PBXFileReference; lastKnownFileType = sourcecode.c.h; name = OpenGL_Internal.h; path = libs/cocos2d/Support/OpenGL_Internal.h; sourceTree = "<group>"; };
		AF3EB34C145E0177004DA4D7 /* TGAlib.h */ = {isa = PBXFileReference; lastKnownFileType = sourcecode.c.h; name = TGAlib.h; path = libs/cocos2d/Support/TGAlib.h; sourceTree = "<group>"; };
		AF3EB34D145E0177004DA4D7 /* TGAlib.m */ = {isa = PBXFileReference; lastKnownFileType = sourcecode.c.objc; name = TGAlib.m; path = libs/cocos2d/Support/TGAlib.m; sourceTree = "<group>"; };
		AF3EB34F145E0177004DA4D7 /* TransformUtils.h */ = {isa = PBXFileReference; lastKnownFileType = sourcecode.c.h; name = TransformUtils.h; path = libs/cocos2d/Support/TransformUtils.h; sourceTree = "<group>"; };
		AF3EB350145E0177004DA4D7 /* TransformUtils.m */ = {isa = PBXFileReference; lastKnownFileType = sourcecode.c.objc; name = TransformUtils.m; path = libs/cocos2d/Support/TransformUtils.m; sourceTree = "<group>"; };
		AF3EB352145E0177004DA4D7 /* uthash.h */ = {isa = PBXFileReference; lastKnownFileType = sourcecode.c.h; name = uthash.h; path = libs/cocos2d/Support/uthash.h; sourceTree = "<group>"; };
		AF3EB353145E0177004DA4D7 /* utlist.h */ = {isa = PBXFileReference; lastKnownFileType = sourcecode.c.h; name = utlist.h; path = libs/cocos2d/Support/utlist.h; sourceTree = "<group>"; };
		AF3EB354145E0177004DA4D7 /* ZipUtils.h */ = {isa = PBXFileReference; lastKnownFileType = sourcecode.c.h; name = ZipUtils.h; path = libs/cocos2d/Support/ZipUtils.h; sourceTree = "<group>"; };
		AF3EB355145E0178004DA4D7 /* ZipUtils.m */ = {isa = PBXFileReference; lastKnownFileType = sourcecode.c.objc; name = ZipUtils.m; path = libs/cocos2d/Support/ZipUtils.m; sourceTree = "<group>"; };
		AF3EB357145E0178004DA4D7 /* LICENSE_cocos2d.txt */ = {isa = PBXFileReference; lastKnownFileType = text; name = LICENSE_cocos2d.txt; path = libs/LICENSE_cocos2d.txt; sourceTree = "<group>"; };
		AF3EB359145E0178004DA4D7 /* CDAudioManager.h */ = {isa = PBXFileReference; lastKnownFileType = sourcecode.c.h; name = CDAudioManager.h; path = libs/CocosDenshion/CDAudioManager.h; sourceTree = "<group>"; };
		AF3EB35A145E0178004DA4D7 /* CDAudioManager.m */ = {isa = PBXFileReference; lastKnownFileType = sourcecode.c.objc; name = CDAudioManager.m; path = libs/CocosDenshion/CDAudioManager.m; sourceTree = "<group>"; };
		AF3EB35C145E0178004DA4D7 /* CDConfig.h */ = {isa = PBXFileReference; lastKnownFileType = sourcecode.c.h; name = CDConfig.h; path = libs/CocosDenshion/CDConfig.h; sourceTree = "<group>"; };
		AF3EB35D145E0178004DA4D7 /* CDOpenALSupport.h */ = {isa = PBXFileReference; lastKnownFileType = sourcecode.c.h; name = CDOpenALSupport.h; path = libs/CocosDenshion/CDOpenALSupport.h; sourceTree = "<group>"; };
		AF3EB35E145E0178004DA4D7 /* CDOpenALSupport.m */ = {isa = PBXFileReference; lastKnownFileType = sourcecode.c.objc; name = CDOpenALSupport.m; path = libs/CocosDenshion/CDOpenALSupport.m; sourceTree = "<group>"; };
		AF3EB360145E0178004DA4D7 /* CocosDenshion.h */ = {isa = PBXFileReference; lastKnownFileType = sourcecode.c.h; name = CocosDenshion.h; path = libs/CocosDenshion/CocosDenshion.h; sourceTree = "<group>"; };
		AF3EB361145E0178004DA4D7 /* CocosDenshion.m */ = {isa = PBXFileReference; lastKnownFileType = sourcecode.c.objc; name = CocosDenshion.m; path = libs/CocosDenshion/CocosDenshion.m; sourceTree = "<group>"; };
		AF3EB363145E0178004DA4D7 /* SimpleAudioEngine.h */ = {isa = PBXFileReference; lastKnownFileType = sourcecode.c.h; name = SimpleAudioEngine.h; path = libs/CocosDenshion/SimpleAudioEngine.h; sourceTree = "<group>"; };
		AF3EB364145E0178004DA4D7 /* SimpleAudioEngine.m */ = {isa = PBXFileReference; lastKnownFileType = sourcecode.c.objc; name = SimpleAudioEngine.m; path = libs/CocosDenshion/SimpleAudioEngine.m; sourceTree = "<group>"; };
		AF3EB366145E0178004DA4D7 /* LICENSE_CocosDenshion.txt */ = {isa = PBXFileReference; lastKnownFileType = text; name = LICENSE_CocosDenshion.txt; path = libs/LICENSE_CocosDenshion.txt; sourceTree = "<group>"; };
		AF3EB368145E0178004DA4D7 /* CLScoreServerPost.h */ = {isa = PBXFileReference; lastKnownFileType = sourcecode.c.h; name = CLScoreServerPost.h; path = libs/cocoslive/CLScoreServerPost.h; sourceTree = "<group>"; };
		AF3EB369145E0178004DA4D7 /* CLScoreServerPost.m */ = {isa = PBXFileReference; lastKnownFileType = sourcecode.c.objc; name = CLScoreServerPost.m; path = libs/cocoslive/CLScoreServerPost.m; sourceTree = "<group>"; };
		AF3EB36B145E0178004DA4D7 /* CLScoreServerRequest.h */ = {isa = PBXFileReference; lastKnownFileType = sourcecode.c.h; name = CLScoreServerRequest.h; path = libs/cocoslive/CLScoreServerRequest.h; sourceTree = "<group>"; };
		AF3EB36C145E0178004DA4D7 /* CLScoreServerRequest.m */ = {isa = PBXFileReference; lastKnownFileType = sourcecode.c.objc; name = CLScoreServerRequest.m; path = libs/cocoslive/CLScoreServerRequest.m; sourceTree = "<group>"; };
		AF3EB36E145E0178004DA4D7 /* cocoslive.h */ = {isa = PBXFileReference; lastKnownFileType = sourcecode.c.h; name = cocoslive.h; path = libs/cocoslive/cocoslive.h; sourceTree = "<group>"; };
		AF3EB36F145E0178004DA4D7 /* cocoslive.m */ = {isa = PBXFileReference; lastKnownFileType = sourcecode.c.objc; name = cocoslive.m; path = libs/cocoslive/cocoslive.m; sourceTree = "<group>"; };
		AF3EB371145E0178004DA4D7 /* LICENSE_TouchJSON.txt */ = {isa = PBXFileReference; lastKnownFileType = text; name = LICENSE_TouchJSON.txt; path = libs/LICENSE_TouchJSON.txt; sourceTree = "<group>"; };
		AF3EB373145E0178004DA4D7 /* CDataScanner.h */ = {isa = PBXFileReference; lastKnownFileType = sourcecode.c.h; name = CDataScanner.h; path = libs/TouchJSON/CDataScanner.h; sourceTree = "<group>"; };
		AF3EB374145E0178004DA4D7 /* CDataScanner.m */ = {isa = PBXFileReference; lastKnownFileType = sourcecode.c.objc; name = CDataScanner.m; path = libs/TouchJSON/CDataScanner.m; sourceTree = "<group>"; };
		AF3EB377145E0178004DA4D7 /* CDataScanner_Extensions.h */ = {isa = PBXFileReference; lastKnownFileType = sourcecode.c.h; name = CDataScanner_Extensions.h; path = libs/TouchJSON/Extensions/CDataScanner_Extensions.h; sourceTree = "<group>"; };
		AF3EB378145E0178004DA4D7 /* CDataScanner_Extensions.m */ = {isa = PBXFileReference; lastKnownFileType = sourcecode.c.objc; name = CDataScanner_Extensions.m; path = libs/TouchJSON/Extensions/CDataScanner_Extensions.m; sourceTree = "<group>"; };
		AF3EB37A145E0178004DA4D7 /* NSDictionary_JSONExtensions.h */ = {isa = PBXFileReference; lastKnownFileType = sourcecode.c.h; name = NSDictionary_JSONExtensions.h; path = libs/TouchJSON/Extensions/NSDictionary_JSONExtensions.h; sourceTree = "<group>"; };
		AF3EB37B145E0178004DA4D7 /* NSDictionary_JSONExtensions.m */ = {isa = PBXFileReference; lastKnownFileType = sourcecode.c.objc; name = NSDictionary_JSONExtensions.m; path = libs/TouchJSON/Extensions/NSDictionary_JSONExtensions.m; sourceTree = "<group>"; };
		AF3EB37E145E0178004DA4D7 /* CJSONDeserializer.h */ = {isa = PBXFileReference; lastKnownFileType = sourcecode.c.h; name = CJSONDeserializer.h; path = libs/TouchJSON/JSON/CJSONDeserializer.h; sourceTree = "<group>"; };
		AF3EB37F145E0178004DA4D7 /* CJSONDeserializer.m */ = {isa = PBXFileReference; lastKnownFileType = sourcecode.c.objc; name = CJSONDeserializer.m; path = libs/TouchJSON/JSON/CJSONDeserializer.m; sourceTree = "<group>"; };
		AF3EB381145E0178004DA4D7 /* CJSONScanner.h */ = {isa = PBXFileReference; lastKnownFileType = sourcecode.c.h; name = CJSONScanner.h; path = libs/TouchJSON/JSON/CJSONScanner.h; sourceTree = "<group>"; };
		AF3EB382145E0178004DA4D7 /* CJSONScanner.m */ = {isa = PBXFileReference; lastKnownFileType = sourcecode.c.objc; name = CJSONScanner.m; path = libs/TouchJSON/JSON/CJSONScanner.m; sourceTree = "<group>"; };
		AF3EB384145E0178004DA4D7 /* CJSONSerializer.h */ = {isa = PBXFileReference; lastKnownFileType = sourcecode.c.h; name = CJSONSerializer.h; path = libs/TouchJSON/JSON/CJSONSerializer.h; sourceTree = "<group>"; };
		AF3EB385145E0178004DA4D7 /* CJSONSerializer.m */ = {isa = PBXFileReference; lastKnownFileType = sourcecode.c.objc; name = CJSONSerializer.m; path = libs/TouchJSON/JSON/CJSONSerializer.m; sourceTree = "<group>"; };
		AF3EB387145E0178004DA4D7 /* JSONRepresentation.h */ = {isa = PBXFileReference; lastKnownFileType = sourcecode.c.h; name = JSONRepresentation.h; path = libs/TouchJSON/JSON/JSONRepresentation.h; sourceTree = "<group>"; };
		AF3EB389145E0178004DA4D7 /* FontLabel.h */ = {isa = PBXFileReference; lastKnownFileType = sourcecode.c.h; name = FontLabel.h; path = libs/FontLabel/FontLabel.h; sourceTree = "<group>"; };
		AF3EB38A145E0178004DA4D7 /* FontLabel.m */ = {isa = PBXFileReference; lastKnownFileType = sourcecode.c.objc; name = FontLabel.m; path = libs/FontLabel/FontLabel.m; sourceTree = "<group>"; };
		AF3EB38C145E0178004DA4D7 /* FontLabelStringDrawing.h */ = {isa = PBXFileReference; lastKnownFileType = sourcecode.c.h; name = FontLabelStringDrawing.h; path = libs/FontLabel/FontLabelStringDrawing.h; sourceTree = "<group>"; };
		AF3EB38D145E0178004DA4D7 /* FontLabelStringDrawing.m */ = {isa = PBXFileReference; lastKnownFileType = sourcecode.c.objc; name = FontLabelStringDrawing.m; path = libs/FontLabel/FontLabelStringDrawing.m; sourceTree = "<group>"; };
		AF3EB38F145E0178004DA4D7 /* FontManager.h */ = {isa = PBXFileReference; lastKnownFileType = sourcecode.c.h; name = FontManager.h; path = libs/FontLabel/FontManager.h; sourceTree = "<group>"; };
		AF3EB390145E0178004DA4D7 /* FontManager.m */ = {isa = PBXFileReference; lastKnownFileType = sourcecode.c.objc; name = FontManager.m; path = libs/FontLabel/FontManager.m; sourceTree = "<group>"; };
		AF3EB392145E0178004DA4D7 /* ZAttributedString.h */ = {isa = PBXFileReference; lastKnownFileType = sourcecode.c.h; name = ZAttributedString.h; path = libs/FontLabel/ZAttributedString.h; sourceTree = "<group>"; };
		AF3EB393145E0178004DA4D7 /* ZAttributedString.m */ = {isa = PBXFileReference; lastKnownFileType = sourcecode.c.objc; name = ZAttributedString.m; path = libs/FontLabel/ZAttributedString.m; sourceTree = "<group>"; };
		AF3EB395145E0178004DA4D7 /* ZAttributedStringPrivate.h */ = {isa = PBXFileReference; lastKnownFileType = sourcecode.c.h; name = ZAttributedStringPrivate.h; path = libs/FontLabel/ZAttributedStringPrivate.h; sourceTree = "<group>"; };
		AF3EB396145E0178004DA4D7 /* ZFont.h */ = {isa = PBXFileReference; lastKnownFileType = sourcecode.c.h; name = ZFont.h; path = libs/FontLabel/ZFont.h; sourceTree = "<group>"; };
		AF3EB397145E0178004DA4D7 /* ZFont.m */ = {isa = PBXFileReference; lastKnownFileType = sourcecode.c.objc; name = ZFont.m; path = libs/FontLabel/ZFont.m; sourceTree = "<group>"; };
		AF3EB399145E0178004DA4D7 /* LICENSE_FontLabel.txt */ = {isa = PBXFileReference; lastKnownFileType = text; name = LICENSE_FontLabel.txt; path = libs/LICENSE_FontLabel.txt; sourceTree = "<group>"; };
		AF3EB39B145E0178004DA4D7 /* Prefix.pch */ = {isa = PBXFileReference; lastKnownFileType = sourcecode.c.h; path = Prefix.pch; sourceTree = "<group>"; };
		AF3EB39C145E0178004DA4D7 /* main.m */ = {isa = PBXFileReference; lastKnownFileType = sourcecode.c.objc; path = main.m; sourceTree = "<group>"; };
		AF3EB39E145E0178004DA4D7 /* AppDelegate.h */ = {isa = PBXFileReference; lastKnownFileType = sourcecode.c.h; path = AppDelegate.h; sourceTree = "<group>"; };
		AF3EB39F145E0178004DA4D7 /* AppDelegate.m */ = {isa = PBXFileReference; lastKnownFileType = sourcecode.c.objc; path = AppDelegate.m; sourceTree = "<group>"; };
		AF3EB3A1145E0178004DA4D7 /* RootViewController.h */ = {isa = PBXFileReference; lastKnownFileType = sourcecode.c.h; path = RootViewController.h; sourceTree = "<group>"; };
		AF3EB3A2145E0178004DA4D7 /* RootViewController.m */ = {isa = PBXFileReference; lastKnownFileType = sourcecode.c.objc; path = RootViewController.m; sourceTree = "<group>"; };
		AF3EB3A4145E0178004DA4D7 /* HelloWorldLayer.h */ = {isa = PBXFileReference; lastKnownFileType = sourcecode.c.h; path = HelloWorldLayer.h; sourceTree = "<group>"; };
		AF3EB3A5145E0178004DA4D7 /* HelloWorldLayer.m */ = {isa = PBXFileReference; lastKnownFileType = sourcecode.c.objc; path = HelloWorldLayer.m; sourceTree = "<group>"; };
		AF3EB3A7145E0178004DA4D7 /* GameConfig.h */ = {isa = PBXFileReference; lastKnownFileType = sourcecode.c.h; path = GameConfig.h; sourceTree = "<group>"; };
		AF3EB3B4145E0778004DA4D7 /* HeroSprite1.png */ = {isa = PBXFileReference; lastKnownFileType = image.png; path = HeroSprite1.png; sourceTree = "<group>"; };
		AF3EB3BA145E08FF004DA4D7 /* GameBackground.png */ = {isa = PBXFileReference; lastKnownFileType = image.png; path = GameBackground.png; sourceTree = "<group>"; };
		AF3EB3BC145E0B11004DA4D7 /* Wall2.png */ = {isa = PBXFileReference; lastKnownFileType = image.png; path = Wall2.png; sourceTree = "<group>"; };
		AF440ECF1470BC3F00578F37 /* GameOverScene.h */ = {isa = PBXFileReference; fileEncoding = 4; lastKnownFileType = sourcecode.c.h; path = GameOverScene.h; sourceTree = "<group>"; };
		AF440ED01470BC3F00578F37 /* GameOverScene.m */ = {isa = PBXFileReference; fileEncoding = 4; lastKnownFileType = sourcecode.c.objc; path = GameOverScene.m; sourceTree = "<group>"; };
		AF74783D1470CF2D00A0B2A9 /* HeroAnimation_default.png */ = {isa = PBXFileReference; lastKnownFileType = image.png; path = HeroAnimation_default.png; sourceTree = "<group>"; };
		AF74783E1470CF2D00A0B2A9 /* HeroAnimation_default.plist */ = {isa = PBXFileReference; fileEncoding = 4; lastKnownFileType = text.plist.xml; path = HeroAnimation_default.plist; sourceTree = "<group>"; };
		AFA746D714722FC90049B67A /* CCParallaxNode-Extras.h */ = {isa = PBXFileReference; fileEncoding = 4; lastKnownFileType = sourcecode.c.h; path = "CCParallaxNode-Extras.h"; sourceTree = "<group>"; };
		AFA746D814722FC90049B67A /* CCParallaxNode-Extras.m */ = {isa = PBXFileReference; fileEncoding = 4; lastKnownFileType = sourcecode.c.objc; path = "CCParallaxNode-Extras.m"; sourceTree = "<group>"; };
		AFC7AC7C1470A2D700B7A51A /* GameBackgroundLong.png */ = {isa = PBXFileReference; lastKnownFileType = image.png; path = GameBackgroundLong.png; sourceTree = "<group>"; };
		AFC9B2BE1460EAB100142F6F /* Wall1.png */ = {isa = PBXFileReference; lastKnownFileType = image.png; path = Wall1.png; sourceTree = "<group>"; };
/* End PBXFileReference section */

/* Begin PBXFrameworksBuildPhase section */
		AF3EB232145E0175004DA4D7 /* Frameworks */ = {
			isa = PBXFrameworksBuildPhase;
			buildActionMask = 2147483647;
			files = (
				AF3EB23A145E0175004DA4D7 /* QuartzCore.framework in Frameworks */,
				AF3EB23C145E0175004DA4D7 /* OpenGLES.framework in Frameworks */,
				AF3EB23E145E0175004DA4D7 /* OpenAL.framework in Frameworks */,
				AF3EB240145E0175004DA4D7 /* AudioToolbox.framework in Frameworks */,
				AF3EB242145E0175004DA4D7 /* AVFoundation.framework in Frameworks */,
				AF3EB244145E0175004DA4D7 /* UIKit.framework in Frameworks */,
				AF3EB246145E0175004DA4D7 /* Foundation.framework in Frameworks */,
				AF3EB248145E0175004DA4D7 /* CoreGraphics.framework in Frameworks */,
			);
			runOnlyForDeploymentPostprocessing = 0;
		};
/* End PBXFrameworksBuildPhase section */

/* Begin PBXGroup section */
		AF3EB22A145E0175004DA4D7 = {
			isa = PBXGroup;
			children = (
				AF3EB249145E0175004DA4D7 /* Storm The Castle */,
				AF3EB238145E0175004DA4D7 /* Frameworks */,
				AF3EB236145E0175004DA4D7 /* Products */,
			);
			sourceTree = "<group>";
		};
		AF3EB236145E0175004DA4D7 /* Products */ = {
			isa = PBXGroup;
			children = (
				AF3EB235145E0175004DA4D7 /* Storm The Castle.app */,
			);
			name = Products;
			sourceTree = "<group>";
		};
		AF3EB238145E0175004DA4D7 /* Frameworks */ = {
			isa = PBXGroup;
			children = (
				AF3EB239145E0175004DA4D7 /* QuartzCore.framework */,
				AF3EB23B145E0175004DA4D7 /* OpenGLES.framework */,
				AF3EB23D145E0175004DA4D7 /* OpenAL.framework */,
				AF3EB23F145E0175004DA4D7 /* AudioToolbox.framework */,
				AF3EB241145E0175004DA4D7 /* AVFoundation.framework */,
				AF3EB243145E0175004DA4D7 /* UIKit.framework */,
				AF3EB245145E0175004DA4D7 /* Foundation.framework */,
				AF3EB247145E0175004DA4D7 /* CoreGraphics.framework */,
			);
			name = Frameworks;
			sourceTree = "<group>";
		};
		AF3EB249145E0175004DA4D7 /* Storm The Castle */ = {
			isa = PBXGroup;
			children = (
				AF33766E1477778100DB61F1 /* StartScreenScene.h */,
				AF33766F1477778100DB61F1 /* StartScreenScene.m */,
				AFA746D714722FC90049B67A /* CCParallaxNode-Extras.h */,
				AFA746D814722FC90049B67A /* CCParallaxNode-Extras.m */,
				AF3EB39E145E0178004DA4D7 /* AppDelegate.h */,
				AF3EB39F145E0178004DA4D7 /* AppDelegate.m */,
				AF3EB3A1145E0178004DA4D7 /* RootViewController.h */,
				AF3EB3A2145E0178004DA4D7 /* RootViewController.m */,
				AF3EB3A4145E0178004DA4D7 /* HelloWorldLayer.h */,
				AF3EB3A5145E0178004DA4D7 /* HelloWorldLayer.m */,
				AF440ECF1470BC3F00578F37 /* GameOverScene.h */,
				AF440ED01470BC3F00578F37 /* GameOverScene.m */,
				AF3EB3A7145E0178004DA4D7 /* GameConfig.h */,
				AF3EB24A145E0175004DA4D7 /* Resources */,
				AF3EB25E145E0176004DA4D7 /* libs */,
				AF3EB39A145E0178004DA4D7 /* Supporting Files */,
			);
			path = "Storm The Castle";
			sourceTree = "<group>";
		};
		AF3EB24A145E0175004DA4D7 /* Resources */ = {
			isa = PBXGroup;
			children = (
				AF74783D1470CF2D00A0B2A9 /* HeroAnimation_default.png */,
				AF74783E1470CF2D00A0B2A9 /* HeroAnimation_default.plist */,
				AFC9B2BE1460EAB100142F6F /* Wall1.png */,
				AF3EB3BC145E0B11004DA4D7 /* Wall2.png */,
				AFC7AC7C1470A2D700B7A51A /* GameBackgroundLong.png */,
				AF3EB3BA145E08FF004DA4D7 /* GameBackground.png */,
				AF3EB3B4145E0778004DA4D7 /* HeroSprite1.png */,
				AF3EB24B145E0175004DA4D7 /* Default.png */,
				AF3EB24D145E0175004DA4D7 /* fps_images.png */,
				AF3EB24F145E0175004DA4D7 /* Icon-72.png */,
				AF3EB251145E0175004DA4D7 /* Icon-Small-50.png */,
				AF3EB253145E0176004DA4D7 /* Icon-Small.png */,
				AF3EB255145E0176004DA4D7 /* Icon-Small@2x.png */,
				AF3EB257145E0176004DA4D7 /* Icon.png */,
				AF3EB259145E0176004DA4D7 /* Icon@2x.png */,
				AF3EB25B145E0176004DA4D7 /* Info.plist */,
				AF3EB25C145E0176004DA4D7 /* iTunesArtwork */,
			);
			name = Resources;
			sourceTree = "<group>";
		};
		AF3EB25E145E0176004DA4D7 /* libs */ = {
			isa = PBXGroup;
			children = (
				AF3EB357145E0178004DA4D7 /* LICENSE_cocos2d.txt */,
				AF3EB366145E0178004DA4D7 /* LICENSE_CocosDenshion.txt */,
				AF3EB371145E0178004DA4D7 /* LICENSE_TouchJSON.txt */,
				AF3EB399145E0178004DA4D7 /* LICENSE_FontLabel.txt */,
				AF3EB25F145E0176004DA4D7 /* cocos2d */,
				AF3EB358145E0178004DA4D7 /* CocosDenshion */,
				AF3EB367145E0178004DA4D7 /* cocoslive */,
				AF3EB372145E0178004DA4D7 /* TouchJSON */,
				AF3EB388145E0178004DA4D7 /* FontLabel */,
			);
			name = libs;
			sourceTree = "<group>";
		};
		AF3EB25F145E0176004DA4D7 /* cocos2d */ = {
			isa = PBXGroup;
			children = (
				AF3EB260145E0176004DA4D7 /* CCAction.h */,
				AF3EB261145E0176004DA4D7 /* CCAction.m */,
				AF3EB263145E0176004DA4D7 /* CCActionCamera.h */,
				AF3EB264145E0176004DA4D7 /* CCActionCamera.m */,
				AF3EB266145E0176004DA4D7 /* CCActionEase.h */,
				AF3EB267145E0176004DA4D7 /* CCActionEase.m */,
				AF3EB269145E0176004DA4D7 /* CCActionGrid.h */,
				AF3EB26A145E0176004DA4D7 /* CCActionGrid.m */,
				AF3EB26C145E0176004DA4D7 /* CCActionGrid3D.h */,
				AF3EB26D145E0176004DA4D7 /* CCActionGrid3D.m */,
				AF3EB26F145E0176004DA4D7 /* CCActionInstant.h */,
				AF3EB270145E0176004DA4D7 /* CCActionInstant.m */,
				AF3EB272145E0176004DA4D7 /* CCActionInterval.h */,
				AF3EB273145E0176004DA4D7 /* CCActionInterval.m */,
				AF3EB275145E0176004DA4D7 /* CCActionManager.h */,
				AF3EB276145E0176004DA4D7 /* CCActionManager.m */,
				AF3EB278145E0176004DA4D7 /* CCActionPageTurn3D.h */,
				AF3EB279145E0176004DA4D7 /* CCActionPageTurn3D.m */,
				AF3EB27B145E0176004DA4D7 /* CCActionProgressTimer.h */,
				AF3EB27C145E0176004DA4D7 /* CCActionProgressTimer.m */,
				AF3EB27E145E0176004DA4D7 /* CCActionTiledGrid.h */,
				AF3EB27F145E0176004DA4D7 /* CCActionTiledGrid.m */,
				AF3EB281145E0176004DA4D7 /* CCActionTween.h */,
				AF3EB282145E0176004DA4D7 /* CCActionTween.m */,
				AF3EB284145E0176004DA4D7 /* CCAnimation.h */,
				AF3EB285145E0176004DA4D7 /* CCAnimation.m */,
				AF3EB287145E0176004DA4D7 /* CCAnimationCache.h */,
				AF3EB288145E0176004DA4D7 /* CCAnimationCache.m */,
				AF3EB28A145E0176004DA4D7 /* CCAtlasNode.h */,
				AF3EB28B145E0176004DA4D7 /* CCAtlasNode.m */,
				AF3EB28D145E0176004DA4D7 /* CCBlockSupport.h */,
				AF3EB28E145E0176004DA4D7 /* CCBlockSupport.m */,
				AF3EB290145E0176004DA4D7 /* CCCamera.h */,
				AF3EB291145E0176004DA4D7 /* CCCamera.m */,
				AF3EB293145E0176004DA4D7 /* ccConfig.h */,
				AF3EB294145E0176004DA4D7 /* CCConfiguration.h */,
				AF3EB295145E0176004DA4D7 /* CCConfiguration.m */,
				AF3EB297145E0176004DA4D7 /* CCDirector.h */,
				AF3EB298145E0176004DA4D7 /* CCDirector.m */,
				AF3EB29A145E0176004DA4D7 /* CCDrawingPrimitives.h */,
				AF3EB29B145E0176004DA4D7 /* CCDrawingPrimitives.m */,
				AF3EB29D145E0176004DA4D7 /* CCGrabber.h */,
				AF3EB29E145E0176004DA4D7 /* CCGrabber.m */,
				AF3EB2A0145E0176004DA4D7 /* CCGrid.h */,
				AF3EB2A1145E0176004DA4D7 /* CCGrid.m */,
				AF3EB2A3145E0176004DA4D7 /* CCLabelAtlas.h */,
				AF3EB2A4145E0176004DA4D7 /* CCLabelAtlas.m */,
				AF3EB2A6145E0176004DA4D7 /* CCLabelBMFont.h */,
				AF3EB2A7145E0176004DA4D7 /* CCLabelBMFont.m */,
				AF3EB2A9145E0176004DA4D7 /* CCLabelTTF.h */,
				AF3EB2AA145E0176004DA4D7 /* CCLabelTTF.m */,
				AF3EB2AC145E0176004DA4D7 /* CCLayer.h */,
				AF3EB2AD145E0176004DA4D7 /* CCLayer.m */,
				AF3EB2AF145E0176004DA4D7 /* ccMacros.h */,
				AF3EB2B0145E0176004DA4D7 /* CCMenu.h */,
				AF3EB2B1145E0176004DA4D7 /* CCMenu.m */,
				AF3EB2B3145E0176004DA4D7 /* CCMenuItem.h */,
				AF3EB2B4145E0176004DA4D7 /* CCMenuItem.m */,
				AF3EB2B6145E0176004DA4D7 /* CCMotionStreak.h */,
				AF3EB2B7145E0176004DA4D7 /* CCMotionStreak.m */,
				AF3EB2B9145E0176004DA4D7 /* CCNode.h */,
				AF3EB2BA145E0176004DA4D7 /* CCNode.m */,
				AF3EB2BC145E0176004DA4D7 /* CCParallaxNode.h */,
				AF3EB2BD145E0176004DA4D7 /* CCParallaxNode.m */,
				AF3EB2BF145E0176004DA4D7 /* CCParticleBatchNode.h */,
				AF3EB2C0145E0176004DA4D7 /* CCParticleBatchNode.m */,
				AF3EB2C2145E0176004DA4D7 /* CCParticleExamples.h */,
				AF3EB2C3145E0176004DA4D7 /* CCParticleExamples.m */,
				AF3EB2C5145E0176004DA4D7 /* CCParticleSystem.h */,
				AF3EB2C6145E0176004DA4D7 /* CCParticleSystem.m */,
				AF3EB2C8145E0176004DA4D7 /* CCParticleSystemPoint.h */,
				AF3EB2C9145E0176004DA4D7 /* CCParticleSystemPoint.m */,
				AF3EB2CB145E0176004DA4D7 /* CCParticleSystemQuad.h */,
				AF3EB2CC145E0176004DA4D7 /* CCParticleSystemQuad.m */,
				AF3EB2CE145E0176004DA4D7 /* CCProgressTimer.h */,
				AF3EB2CF145E0176004DA4D7 /* CCProgressTimer.m */,
				AF3EB2D1145E0176004DA4D7 /* CCProtocols.h */,
				AF3EB2D2145E0176004DA4D7 /* CCRenderTexture.h */,
				AF3EB2D3145E0176004DA4D7 /* CCRenderTexture.m */,
				AF3EB2D5145E0176004DA4D7 /* CCRibbon.h */,
				AF3EB2D6145E0176004DA4D7 /* CCRibbon.m */,
				AF3EB2D8145E0177004DA4D7 /* CCScene.h */,
				AF3EB2D9145E0177004DA4D7 /* CCScene.m */,
				AF3EB2DB145E0177004DA4D7 /* CCScheduler.h */,
				AF3EB2DC145E0177004DA4D7 /* CCScheduler.m */,
				AF3EB2DE145E0177004DA4D7 /* CCSprite.h */,
				AF3EB2DF145E0177004DA4D7 /* CCSprite.m */,
				AF3EB2E1145E0177004DA4D7 /* CCSpriteBatchNode.h */,
				AF3EB2E2145E0177004DA4D7 /* CCSpriteBatchNode.m */,
				AF3EB2E4145E0177004DA4D7 /* CCSpriteFrame.h */,
				AF3EB2E5145E0177004DA4D7 /* CCSpriteFrame.m */,
				AF3EB2E7145E0177004DA4D7 /* CCSpriteFrameCache.h */,
				AF3EB2E8145E0177004DA4D7 /* CCSpriteFrameCache.m */,
				AF3EB2EA145E0177004DA4D7 /* CCTexture2D.h */,
				AF3EB2EB145E0177004DA4D7 /* CCTexture2D.m */,
				AF3EB2ED145E0177004DA4D7 /* CCTextureAtlas.h */,
				AF3EB2EE145E0177004DA4D7 /* CCTextureAtlas.m */,
				AF3EB2F0145E0177004DA4D7 /* CCTextureCache.h */,
				AF3EB2F1145E0177004DA4D7 /* CCTextureCache.m */,
				AF3EB2F3145E0177004DA4D7 /* CCTexturePVR.h */,
				AF3EB2F4145E0177004DA4D7 /* CCTexturePVR.m */,
				AF3EB2F6145E0177004DA4D7 /* CCTileMapAtlas.h */,
				AF3EB2F7145E0177004DA4D7 /* CCTileMapAtlas.m */,
				AF3EB2F9145E0177004DA4D7 /* CCTMXLayer.h */,
				AF3EB2FA145E0177004DA4D7 /* CCTMXLayer.m */,
				AF3EB2FC145E0177004DA4D7 /* CCTMXObjectGroup.h */,
				AF3EB2FD145E0177004DA4D7 /* CCTMXObjectGroup.m */,
				AF3EB2FF145E0177004DA4D7 /* CCTMXTiledMap.h */,
				AF3EB300145E0177004DA4D7 /* CCTMXTiledMap.m */,
				AF3EB302145E0177004DA4D7 /* CCTMXXMLParser.h */,
				AF3EB303145E0177004DA4D7 /* CCTMXXMLParser.m */,
				AF3EB305145E0177004DA4D7 /* CCTransition.h */,
				AF3EB306145E0177004DA4D7 /* CCTransition.m */,
				AF3EB308145E0177004DA4D7 /* CCTransitionPageTurn.h */,
				AF3EB309145E0177004DA4D7 /* CCTransitionPageTurn.m */,
				AF3EB30B145E0177004DA4D7 /* CCTransitionRadial.h */,
				AF3EB30C145E0177004DA4D7 /* CCTransitionRadial.m */,
				AF3EB30E145E0177004DA4D7 /* ccTypes.h */,
				AF3EB30F145E0177004DA4D7 /* cocos2d.h */,
				AF3EB310145E0177004DA4D7 /* cocos2d.m */,
				AF3EB312145E0177004DA4D7 /* Platforms */,
				AF3EB337145E0177004DA4D7 /* Support */,
			);
			name = cocos2d;
			sourceTree = "<group>";
		};
		AF3EB312145E0177004DA4D7 /* Platforms */ = {
			isa = PBXGroup;
			children = (
				AF3EB313145E0177004DA4D7 /* CCGL.h */,
				AF3EB314145E0177004DA4D7 /* CCNS.h */,
				AF3EB315145E0177004DA4D7 /* iOS */,
				AF3EB32A145E0177004DA4D7 /* Mac */,
			);
			name = Platforms;
			sourceTree = "<group>";
		};
		AF3EB315145E0177004DA4D7 /* iOS */ = {
			isa = PBXGroup;
			children = (
				AF3EB316145E0177004DA4D7 /* CCDirectorIOS.h */,
				AF3EB317145E0177004DA4D7 /* CCDirectorIOS.m */,
				AF3EB319145E0177004DA4D7 /* CCTouchDelegateProtocol.h */,
				AF3EB31A145E0177004DA4D7 /* CCTouchDispatcher.h */,
				AF3EB31B145E0177004DA4D7 /* CCTouchDispatcher.m */,
				AF3EB31D145E0177004DA4D7 /* CCTouchHandler.h */,
				AF3EB31E145E0177004DA4D7 /* CCTouchHandler.m */,
				AF3EB320145E0177004DA4D7 /* EAGLView.h */,
				AF3EB321145E0177004DA4D7 /* EAGLView.m */,
				AF3EB323145E0177004DA4D7 /* ES1Renderer.h */,
				AF3EB324145E0177004DA4D7 /* ES1Renderer.m */,
				AF3EB326145E0177004DA4D7 /* ESRenderer.h */,
				AF3EB327145E0177004DA4D7 /* glu.c */,
				AF3EB329145E0177004DA4D7 /* glu.h */,
			);
			name = iOS;
			sourceTree = "<group>";
		};
		AF3EB32A145E0177004DA4D7 /* Mac */ = {
			isa = PBXGroup;
			children = (
				AF3EB32B145E0177004DA4D7 /* CCDirectorMac.h */,
				AF3EB32C145E0177004DA4D7 /* CCDirectorMac.m */,
				AF3EB32E145E0177004DA4D7 /* CCEventDispatcher.h */,
				AF3EB32F145E0177004DA4D7 /* CCEventDispatcher.m */,
				AF3EB331145E0177004DA4D7 /* MacGLView.h */,
				AF3EB332145E0177004DA4D7 /* MacGLView.m */,
				AF3EB334145E0177004DA4D7 /* MacWindow.h */,
				AF3EB335145E0177004DA4D7 /* MacWindow.m */,
			);
			name = Mac;
			sourceTree = "<group>";
		};
		AF3EB337145E0177004DA4D7 /* Support */ = {
			isa = PBXGroup;
			children = (
				AF3EB338145E0177004DA4D7 /* base64.c */,
				AF3EB33A145E0177004DA4D7 /* base64.h */,
				AF3EB33B145E0177004DA4D7 /* CCArray.h */,
				AF3EB33C145E0177004DA4D7 /* CCArray.m */,
				AF3EB33E145E0177004DA4D7 /* ccCArray.h */,
				AF3EB33F145E0177004DA4D7 /* CCFileUtils.h */,
				AF3EB340145E0177004DA4D7 /* CCFileUtils.m */,
				AF3EB342145E0177004DA4D7 /* CCProfiling.h */,
				AF3EB343145E0177004DA4D7 /* CCProfiling.m */,
				AF3EB345145E0177004DA4D7 /* ccUtils.c */,
				AF3EB347145E0177004DA4D7 /* ccUtils.h */,
				AF3EB348145E0177004DA4D7 /* CGPointExtension.h */,
				AF3EB349145E0177004DA4D7 /* CGPointExtension.m */,
				AF3EB34B145E0177004DA4D7 /* OpenGL_Internal.h */,
				AF3EB34C145E0177004DA4D7 /* TGAlib.h */,
				AF3EB34D145E0177004DA4D7 /* TGAlib.m */,
				AF3EB34F145E0177004DA4D7 /* TransformUtils.h */,
				AF3EB350145E0177004DA4D7 /* TransformUtils.m */,
				AF3EB352145E0177004DA4D7 /* uthash.h */,
				AF3EB353145E0177004DA4D7 /* utlist.h */,
				AF3EB354145E0177004DA4D7 /* ZipUtils.h */,
				AF3EB355145E0178004DA4D7 /* ZipUtils.m */,
			);
			name = Support;
			sourceTree = "<group>";
		};
		AF3EB358145E0178004DA4D7 /* CocosDenshion */ = {
			isa = PBXGroup;
			children = (
				AF3EB359145E0178004DA4D7 /* CDAudioManager.h */,
				AF3EB35A145E0178004DA4D7 /* CDAudioManager.m */,
				AF3EB35C145E0178004DA4D7 /* CDConfig.h */,
				AF3EB35D145E0178004DA4D7 /* CDOpenALSupport.h */,
				AF3EB35E145E0178004DA4D7 /* CDOpenALSupport.m */,
				AF3EB360145E0178004DA4D7 /* CocosDenshion.h */,
				AF3EB361145E0178004DA4D7 /* CocosDenshion.m */,
				AF3EB363145E0178004DA4D7 /* SimpleAudioEngine.h */,
				AF3EB364145E0178004DA4D7 /* SimpleAudioEngine.m */,
			);
			name = CocosDenshion;
			sourceTree = "<group>";
		};
		AF3EB367145E0178004DA4D7 /* cocoslive */ = {
			isa = PBXGroup;
			children = (
				AF3EB368145E0178004DA4D7 /* CLScoreServerPost.h */,
				AF3EB369145E0178004DA4D7 /* CLScoreServerPost.m */,
				AF3EB36B145E0178004DA4D7 /* CLScoreServerRequest.h */,
				AF3EB36C145E0178004DA4D7 /* CLScoreServerRequest.m */,
				AF3EB36E145E0178004DA4D7 /* cocoslive.h */,
				AF3EB36F145E0178004DA4D7 /* cocoslive.m */,
			);
			name = cocoslive;
			sourceTree = "<group>";
		};
		AF3EB372145E0178004DA4D7 /* TouchJSON */ = {
			isa = PBXGroup;
			children = (
				AF3EB373145E0178004DA4D7 /* CDataScanner.h */,
				AF3EB374145E0178004DA4D7 /* CDataScanner.m */,
				AF3EB376145E0178004DA4D7 /* Extensions */,
				AF3EB37D145E0178004DA4D7 /* JSON */,
			);
			name = TouchJSON;
			sourceTree = "<group>";
		};
		AF3EB376145E0178004DA4D7 /* Extensions */ = {
			isa = PBXGroup;
			children = (
				AF3EB377145E0178004DA4D7 /* CDataScanner_Extensions.h */,
				AF3EB378145E0178004DA4D7 /* CDataScanner_Extensions.m */,
				AF3EB37A145E0178004DA4D7 /* NSDictionary_JSONExtensions.h */,
				AF3EB37B145E0178004DA4D7 /* NSDictionary_JSONExtensions.m */,
			);
			name = Extensions;
			sourceTree = "<group>";
		};
		AF3EB37D145E0178004DA4D7 /* JSON */ = {
			isa = PBXGroup;
			children = (
				AF3EB37E145E0178004DA4D7 /* CJSONDeserializer.h */,
				AF3EB37F145E0178004DA4D7 /* CJSONDeserializer.m */,
				AF3EB381145E0178004DA4D7 /* CJSONScanner.h */,
				AF3EB382145E0178004DA4D7 /* CJSONScanner.m */,
				AF3EB384145E0178004DA4D7 /* CJSONSerializer.h */,
				AF3EB385145E0178004DA4D7 /* CJSONSerializer.m */,
				AF3EB387145E0178004DA4D7 /* JSONRepresentation.h */,
			);
			name = JSON;
			sourceTree = "<group>";
		};
		AF3EB388145E0178004DA4D7 /* FontLabel */ = {
			isa = PBXGroup;
			children = (
				AF3EB389145E0178004DA4D7 /* FontLabel.h */,
				AF3EB38A145E0178004DA4D7 /* FontLabel.m */,
				AF3EB38C145E0178004DA4D7 /* FontLabelStringDrawing.h */,
				AF3EB38D145E0178004DA4D7 /* FontLabelStringDrawing.m */,
				AF3EB38F145E0178004DA4D7 /* FontManager.h */,
				AF3EB390145E0178004DA4D7 /* FontManager.m */,
				AF3EB392145E0178004DA4D7 /* ZAttributedString.h */,
				AF3EB393145E0178004DA4D7 /* ZAttributedString.m */,
				AF3EB395145E0178004DA4D7 /* ZAttributedStringPrivate.h */,
				AF3EB396145E0178004DA4D7 /* ZFont.h */,
				AF3EB397145E0178004DA4D7 /* ZFont.m */,
			);
			name = FontLabel;
			sourceTree = "<group>";
		};
		AF3EB39A145E0178004DA4D7 /* Supporting Files */ = {
			isa = PBXGroup;
			children = (
				AF3EB39B145E0178004DA4D7 /* Prefix.pch */,
				AF3EB39C145E0178004DA4D7 /* main.m */,
			);
			name = "Supporting Files";
			sourceTree = "<group>";
		};
/* End PBXGroup section */

/* Begin PBXNativeTarget section */
		AF3EB234145E0175004DA4D7 /* Storm The Castle */ = {
			isa = PBXNativeTarget;
			buildConfigurationList = AF3EB3AA145E0178004DA4D7 /* Build configuration list for PBXNativeTarget "Storm The Castle" */;
			buildPhases = (
				AF3EB231145E0175004DA4D7 /* Sources */,
				AF3EB232145E0175004DA4D7 /* Frameworks */,
				AF3EB233145E0175004DA4D7 /* Resources */,
			);
			buildRules = (
			);
			dependencies = (
			);
			name = "Storm The Castle";
			productName = "Storm The Castle";
			productReference = AF3EB235145E0175004DA4D7 /* Storm The Castle.app */;
			productType = "com.apple.product-type.application";
		};
/* End PBXNativeTarget section */

/* Begin PBXProject section */
		AF3EB22C145E0175004DA4D7 /* Project object */ = {
			isa = PBXProject;
			attributes = {
				LastUpgradeCheck = 0420;
			};
			buildConfigurationList = AF3EB22F145E0175004DA4D7 /* Build configuration list for PBXProject "Storm The Castle" */;
			compatibilityVersion = "Xcode 3.2";
			developmentRegion = English;
			hasScannedForEncodings = 0;
			knownRegions = (
				en,
			);
			mainGroup = AF3EB22A145E0175004DA4D7;
			productRefGroup = AF3EB236145E0175004DA4D7 /* Products */;
			projectDirPath = "";
			projectRoot = "";
			targets = (
				AF3EB234145E0175004DA4D7 /* Storm The Castle */,
			);
		};
/* End PBXProject section */

/* Begin PBXResourcesBuildPhase section */
		AF3EB233145E0175004DA4D7 /* Resources */ = {
			isa = PBXResourcesBuildPhase;
			buildActionMask = 2147483647;
			files = (
				AF3EB24C145E0175004DA4D7 /* Default.png in Resources */,
				AF3EB24E145E0175004DA4D7 /* fps_images.png in Resources */,
				AF3EB250145E0175004DA4D7 /* Icon-72.png in Resources */,
				AF3EB252145E0175004DA4D7 /* Icon-Small-50.png in Resources */,
				AF3EB254145E0176004DA4D7 /* Icon-Small.png in Resources */,
				AF3EB256145E0176004DA4D7 /* Icon-Small@2x.png in Resources */,
				AF3EB258145E0176004DA4D7 /* Icon.png in Resources */,
				AF3EB25A145E0176004DA4D7 /* Icon@2x.png in Resources */,
				AF3EB25D145E0176004DA4D7 /* iTunesArtwork in Resources */,
				AF3EB3B5145E0778004DA4D7 /* HeroSprite1.png in Resources */,
				AF3EB3BB145E08FF004DA4D7 /* GameBackground.png in Resources */,
				AF3EB3BD145E0B11004DA4D7 /* Wall2.png in Resources */,
				AFC9B2BF1460EAB100142F6F /* Wall1.png in Resources */,
				AFC7AC7D1470A2D700B7A51A /* GameBackgroundLong.png in Resources */,
				AF74783F1470CF2D00A0B2A9 /* HeroAnimation_default.png in Resources */,
				AF7478401470CF2D00A0B2A9 /* HeroAnimation_default.plist in Resources */,
			);
			runOnlyForDeploymentPostprocessing = 0;
		};
/* End PBXResourcesBuildPhase section */

/* Begin PBXSourcesBuildPhase section */
		AF3EB231145E0175004DA4D7 /* Sources */ = {
			isa = PBXSourcesBuildPhase;
			buildActionMask = 2147483647;
			files = (
				AF3EB262145E0176004DA4D7 /* CCAction.m in Sources */,
				AF3EB265145E0176004DA4D7 /* CCActionCamera.m in Sources */,
				AF3EB268145E0176004DA4D7 /* CCActionEase.m in Sources */,
				AF3EB26B145E0176004DA4D7 /* CCActionGrid.m in Sources */,
				AF3EB26E145E0176004DA4D7 /* CCActionGrid3D.m in Sources */,
				AF3EB271145E0176004DA4D7 /* CCActionInstant.m in Sources */,
				AF3EB274145E0176004DA4D7 /* CCActionInterval.m in Sources */,
				AF3EB277145E0176004DA4D7 /* CCActionManager.m in Sources */,
				AF3EB27A145E0176004DA4D7 /* CCActionPageTurn3D.m in Sources */,
				AF3EB27D145E0176004DA4D7 /* CCActionProgressTimer.m in Sources */,
				AF3EB280145E0176004DA4D7 /* CCActionTiledGrid.m in Sources */,
				AF3EB283145E0176004DA4D7 /* CCActionTween.m in Sources */,
				AF3EB286145E0176004DA4D7 /* CCAnimation.m in Sources */,
				AF3EB289145E0176004DA4D7 /* CCAnimationCache.m in Sources */,
				AF3EB28C145E0176004DA4D7 /* CCAtlasNode.m in Sources */,
				AF3EB28F145E0176004DA4D7 /* CCBlockSupport.m in Sources */,
				AF3EB292145E0176004DA4D7 /* CCCamera.m in Sources */,
				AF3EB296145E0176004DA4D7 /* CCConfiguration.m in Sources */,
				AF3EB299145E0176004DA4D7 /* CCDirector.m in Sources */,
				AF3EB29C145E0176004DA4D7 /* CCDrawingPrimitives.m in Sources */,
				AF3EB29F145E0176004DA4D7 /* CCGrabber.m in Sources */,
				AF3EB2A2145E0176004DA4D7 /* CCGrid.m in Sources */,
				AF3EB2A5145E0176004DA4D7 /* CCLabelAtlas.m in Sources */,
				AF3EB2A8145E0176004DA4D7 /* CCLabelBMFont.m in Sources */,
				AF3EB2AB145E0176004DA4D7 /* CCLabelTTF.m in Sources */,
				AF3EB2AE145E0176004DA4D7 /* CCLayer.m in Sources */,
				AF3EB2B2145E0176004DA4D7 /* CCMenu.m in Sources */,
				AF3EB2B5145E0176004DA4D7 /* CCMenuItem.m in Sources */,
				AF3EB2B8145E0176004DA4D7 /* CCMotionStreak.m in Sources */,
				AF3EB2BB145E0176004DA4D7 /* CCNode.m in Sources */,
				AF3EB2BE145E0176004DA4D7 /* CCParallaxNode.m in Sources */,
				AF3EB2C1145E0176004DA4D7 /* CCParticleBatchNode.m in Sources */,
				AF3EB2C4145E0176004DA4D7 /* CCParticleExamples.m in Sources */,
				AF3EB2C7145E0176004DA4D7 /* CCParticleSystem.m in Sources */,
				AF3EB2CA145E0176004DA4D7 /* CCParticleSystemPoint.m in Sources */,
				AF3EB2CD145E0176004DA4D7 /* CCParticleSystemQuad.m in Sources */,
				AF3EB2D0145E0176004DA4D7 /* CCProgressTimer.m in Sources */,
				AF3EB2D4145E0176004DA4D7 /* CCRenderTexture.m in Sources */,
				AF3EB2D7145E0177004DA4D7 /* CCRibbon.m in Sources */,
				AF3EB2DA145E0177004DA4D7 /* CCScene.m in Sources */,
				AF3EB2DD145E0177004DA4D7 /* CCScheduler.m in Sources */,
				AF3EB2E0145E0177004DA4D7 /* CCSprite.m in Sources */,
				AF3EB2E3145E0177004DA4D7 /* CCSpriteBatchNode.m in Sources */,
				AF3EB2E6145E0177004DA4D7 /* CCSpriteFrame.m in Sources */,
				AF3EB2E9145E0177004DA4D7 /* CCSpriteFrameCache.m in Sources */,
				AF3EB2EC145E0177004DA4D7 /* CCTexture2D.m in Sources */,
				AF3EB2EF145E0177004DA4D7 /* CCTextureAtlas.m in Sources */,
				AF3EB2F2145E0177004DA4D7 /* CCTextureCache.m in Sources */,
				AF3EB2F5145E0177004DA4D7 /* CCTexturePVR.m in Sources */,
				AF3EB2F8145E0177004DA4D7 /* CCTileMapAtlas.m in Sources */,
				AF3EB2FB145E0177004DA4D7 /* CCTMXLayer.m in Sources */,
				AF3EB2FE145E0177004DA4D7 /* CCTMXObjectGroup.m in Sources */,
				AF3EB301145E0177004DA4D7 /* CCTMXTiledMap.m in Sources */,
				AF3EB304145E0177004DA4D7 /* CCTMXXMLParser.m in Sources */,
				AF3EB307145E0177004DA4D7 /* CCTransition.m in Sources */,
				AF3EB30A145E0177004DA4D7 /* CCTransitionPageTurn.m in Sources */,
				AF3EB30D145E0177004DA4D7 /* CCTransitionRadial.m in Sources */,
				AF3EB311145E0177004DA4D7 /* cocos2d.m in Sources */,
				AF3EB318145E0177004DA4D7 /* CCDirectorIOS.m in Sources */,
				AF3EB31C145E0177004DA4D7 /* CCTouchDispatcher.m in Sources */,
				AF3EB31F145E0177004DA4D7 /* CCTouchHandler.m in Sources */,
				AF3EB322145E0177004DA4D7 /* EAGLView.m in Sources */,
				AF3EB325145E0177004DA4D7 /* ES1Renderer.m in Sources */,
				AF3EB328145E0177004DA4D7 /* glu.c in Sources */,
				AF3EB32D145E0177004DA4D7 /* CCDirectorMac.m in Sources */,
				AF3EB330145E0177004DA4D7 /* CCEventDispatcher.m in Sources */,
				AF3EB333145E0177004DA4D7 /* MacGLView.m in Sources */,
				AF3EB336145E0177004DA4D7 /* MacWindow.m in Sources */,
				AF3EB339145E0177004DA4D7 /* base64.c in Sources */,
				AF3EB33D145E0177004DA4D7 /* CCArray.m in Sources */,
				AF3EB341145E0177004DA4D7 /* CCFileUtils.m in Sources */,
				AF3EB344145E0177004DA4D7 /* CCProfiling.m in Sources */,
				AF3EB346145E0177004DA4D7 /* ccUtils.c in Sources */,
				AF3EB34A145E0177004DA4D7 /* CGPointExtension.m in Sources */,
				AF3EB34E145E0177004DA4D7 /* TGAlib.m in Sources */,
				AF3EB351145E0177004DA4D7 /* TransformUtils.m in Sources */,
				AF3EB356145E0178004DA4D7 /* ZipUtils.m in Sources */,
				AF3EB35B145E0178004DA4D7 /* CDAudioManager.m in Sources */,
				AF3EB35F145E0178004DA4D7 /* CDOpenALSupport.m in Sources */,
				AF3EB362145E0178004DA4D7 /* CocosDenshion.m in Sources */,
				AF3EB365145E0178004DA4D7 /* SimpleAudioEngine.m in Sources */,
				AF3EB36A145E0178004DA4D7 /* CLScoreServerPost.m in Sources */,
				AF3EB36D145E0178004DA4D7 /* CLScoreServerRequest.m in Sources */,
				AF3EB370145E0178004DA4D7 /* cocoslive.m in Sources */,
				AF3EB375145E0178004DA4D7 /* CDataScanner.m in Sources */,
				AF3EB379145E0178004DA4D7 /* CDataScanner_Extensions.m in Sources */,
				AF3EB37C145E0178004DA4D7 /* NSDictionary_JSONExtensions.m in Sources */,
				AF3EB380145E0178004DA4D7 /* CJSONDeserializer.m in Sources */,
				AF3EB383145E0178004DA4D7 /* CJSONScanner.m in Sources */,
				AF3EB386145E0178004DA4D7 /* CJSONSerializer.m in Sources */,
				AF3EB38B145E0178004DA4D7 /* FontLabel.m in Sources */,
				AF3EB38E145E0178004DA4D7 /* FontLabelStringDrawing.m in Sources */,
				AF3EB391145E0178004DA4D7 /* FontManager.m in Sources */,
				AF3EB394145E0178004DA4D7 /* ZAttributedString.m in Sources */,
				AF3EB398145E0178004DA4D7 /* ZFont.m in Sources */,
				AF3EB39D145E0178004DA4D7 /* main.m in Sources */,
				AF3EB3A0145E0178004DA4D7 /* AppDelegate.m in Sources */,
				AF3EB3A3145E0178004DA4D7 /* RootViewController.m in Sources */,
				AF3EB3A6145E0178004DA4D7 /* HelloWorldLayer.m in Sources */,
				AF440ED11470BC3F00578F37 /* GameOverScene.m in Sources */,
				AFA746D914722FC90049B67A /* CCParallaxNode-Extras.m in Sources */,
				AF3376701477778100DB61F1 /* StartScreenScene.m in Sources */,
			);
			runOnlyForDeploymentPostprocessing = 0;
		};
/* End PBXSourcesBuildPhase section */

/* Begin XCBuildConfiguration section */
		AF3EB3A8145E0178004DA4D7 /* Debug */ = {
			isa = XCBuildConfiguration;
			buildSettings = {
				ARCHS = "$(ARCHS_STANDARD_32_BIT)";
				"CODE_SIGN_IDENTITY[sdk=iphoneos*]" = "iPhone Developer";
				GCC_C_LANGUAGE_STANDARD = gnu99;
				GCC_OPTIMIZATION_LEVEL = 0;
				GCC_PREPROCESSOR_DEFINITIONS = (
					DEBUG,
					"COCOS2D_DEBUG=1",
				);
				GCC_SYMBOLS_PRIVATE_EXTERN = NO;
				GCC_VERSION = com.apple.compilers.llvmgcc42;
				GCC_WARN_ABOUT_RETURN_TYPE = YES;
				GCC_WARN_UNUSED_VARIABLE = YES;
				IPHONEOS_DEPLOYMENT_TARGET = 5.0;
				SDKROOT = iphoneos;
			};
			name = Debug;
		};
		AF3EB3A9145E0178004DA4D7 /* Release */ = {
			isa = XCBuildConfiguration;
			buildSettings = {
				ARCHS = "$(ARCHS_STANDARD_32_BIT)";
				"CODE_SIGN_IDENTITY[sdk=iphoneos*]" = "iPhone Developer";
				GCC_C_LANGUAGE_STANDARD = gnu99;
				GCC_PREPROCESSOR_DEFINITIONS = NDEBUG;
				GCC_VERSION = com.apple.compilers.llvmgcc42;
				GCC_WARN_ABOUT_RETURN_TYPE = YES;
				GCC_WARN_UNUSED_VARIABLE = YES;
				IPHONEOS_DEPLOYMENT_TARGET = 5.0;
				OTHER_CFLAGS = "-DNS_BLOCK_ASSERTIONS=1";
				SDKROOT = iphoneos;
			};
			name = Release;
		};
		AF3EB3AB145E0178004DA4D7 /* Debug */ = {
			isa = XCBuildConfiguration;
			buildSettings = {
				ALWAYS_SEARCH_USER_PATHS = NO;
				COPY_PHASE_STRIP = NO;
				GCC_DYNAMIC_NO_PIC = NO;
				GCC_PRECOMPILE_PREFIX_HEADER = YES;
				GCC_PREFIX_HEADER = "Storm The Castle/Prefix.pch";
				"GCC_THUMB_SUPPORT[arch=armv6]" = "";
				INFOPLIST_FILE = "Storm The Castle/Resources/Info.plist";
				OTHER_LDFLAGS = "-lz";
				PRODUCT_NAME = "$(TARGET_NAME)";
				WRAPPER_EXTENSION = app;
			};
			name = Debug;
		};
		AF3EB3AC145E0178004DA4D7 /* Release */ = {
			isa = XCBuildConfiguration;
			buildSettings = {
				ALWAYS_SEARCH_USER_PATHS = NO;
				COPY_PHASE_STRIP = YES;
				GCC_PRECOMPILE_PREFIX_HEADER = YES;
				GCC_PREFIX_HEADER = "Storm The Castle/Prefix.pch";
				"GCC_THUMB_SUPPORT[arch=armv6]" = "";
				INFOPLIST_FILE = "Storm The Castle/Resources/Info.plist";
				OTHER_LDFLAGS = "-lz";
				PRODUCT_NAME = "$(TARGET_NAME)";
				VALIDATE_PRODUCT = YES;
				WRAPPER_EXTENSION = app;
			};
			name = Release;
		};
/* End XCBuildConfiguration section */

/* Begin XCConfigurationList section */
		AF3EB22F145E0175004DA4D7 /* Build configuration list for PBXProject "Storm The Castle" */ = {
			isa = XCConfigurationList;
			buildConfigurations = (
				AF3EB3A8145E0178004DA4D7 /* Debug */,
				AF3EB3A9145E0178004DA4D7 /* Release */,
			);
			defaultConfigurationIsVisible = 0;
			defaultConfigurationName = Release;
		};
		AF3EB3AA145E0178004DA4D7 /* Build configuration list for PBXNativeTarget "Storm The Castle" */ = {
			isa = XCConfigurationList;
			buildConfigurations = (
				AF3EB3AB145E0178004DA4D7 /* Debug */,
				AF3EB3AC145E0178004DA4D7 /* Release */,
			);
			defaultConfigurationIsVisible = 0;
			defaultConfigurationName = Release;
		};
/* End XCConfigurationList section */
	};
	rootObject = AF3EB22C145E0175004DA4D7 /* Project object */;
}
